// This lockfile was autogenerated by Pants. To regenerate, run:
//
//    ./pants generate-lockfiles --resolve=black
//
// --- BEGIN PANTS LOCKFILE METADATA: DO NOT EDIT OR REMOVE ---
// {
//   "version": 3,
//   "valid_for_interpreter_constraints": [
//     "CPython>=3.8.*"
//   ],
//   "generated_with_requirements": [
//     "black==22.3.0",
//     "typing-extensions>=3.10.0.0; python_version < \"3.10\""
//   ],
//   "manylinux": "manylinux2014",
//   "requirement_constraints": [],
//   "only_binary": [],
//   "no_binary": []
// }
// --- END PANTS LOCKFILE METADATA ---

{
  "allow_builds": true,
  "allow_prereleases": false,
  "allow_wheels": true,
  "build_isolation": true,
  "constraints": [],
  "locked_resolves": [
    {
      "locked_requirements": [
        {
          "artifacts": [
            {
              "algorithm": "sha256",
              "hash": "bc58025940a896d7e5356952228b68f793cf5fcb342be703c3a2669a1488cb72",
              "url": "https://files.pythonhosted.org/packages/2e/ef/a38a2189959246543e60859fb65bd3143129f6d18dfc7bcdd79217f81ca2/black-22.3.0-py3-none-any.whl"
            },
            {
              "algorithm": "sha256",
              "hash": "637a4014c63fbf42a692d22b55d8ad6968a946b4a6ebc385c5505d9625b6a464",
              "url": "https://files.pythonhosted.org/packages/09/c0/e8e3695632ed25381cc71af6bae26187beb32817c3b78e7b486cb9a95c97/black-22.3.0-cp38-cp38-macosx_10_9_x86_64.whl"
            },
            {
              "algorithm": "sha256",
              "hash": "5795a0375eb87bfe902e80e0c8cfaedf8af4d49694d69161e5bd3206c18618bb",
              "url": "https://files.pythonhosted.org/packages/31/1a/0233cdbfbcfbc0864d815cf28ca40cdb65acf3601f3bf943d6d04e867858/black-22.3.0-cp310-cp310-macosx_10_9_x86_64.whl"
            },
            {
              "algorithm": "sha256",
              "hash": "10dbe6e6d2988049b4655b2b739f98785a884d4d6b85bc35133a8fb9a2233176",
              "url": "https://files.pythonhosted.org/packages/33/bb/8f662d8807eb66ceac021bdf777185c65b843bf1b75af8412e16af4df2ac/black-22.3.0-cp38-cp38-manylinux_2_17_x86_64.manylinux2014_x86_64.whl"
            },
            {
              "algorithm": "sha256",
              "hash": "e3556168e2e5c49629f7b0f377070240bd5511e45e25a4497bb0073d9dda776a",
              "url": "https://files.pythonhosted.org/packages/4f/98/8f775455f99a8e4b16d8d26efdc8292f99b1c0ebfe04357d800ff379c0ae/black-22.3.0-cp310-cp310-macosx_11_0_arm64.whl"
            },
            {
              "algorithm": "sha256",
              "hash": "6ee227b696ca60dd1c507be80a6bc849a5a6ab57ac7352aad1ffec9e8b805f21",
              "url": "https://files.pythonhosted.org/packages/51/ec/c87695b087b7525fd9c7732c630455f231d3df9a300b730bd0e04ea00f84/black-22.3.0-cp39-cp39-manylinux_2_17_x86_64.manylinux2014_x86_64.whl"
            },
            {
              "algorithm": "sha256",
              "hash": "ee8f1f7228cce7dffc2b464f07ce769f478968bfb3dd1254a4c2eeed84928aad",
              "url": "https://files.pythonhosted.org/packages/56/74/c27c496223168af625d6bba8a14bc581e7742bf7248504a4b5743c374767/black-22.3.0-cp39-cp39-macosx_11_0_arm64.whl"
            },
            {
              "algorithm": "sha256",
              "hash": "67c8301ec94e3bcc8906740fe071391bce40a862b7be0b86fb5382beefecd968",
              "url": "https://files.pythonhosted.org/packages/93/98/6f7c2f7f81d87b5771febcee933ba58640fca29a767262763bc353074f63/black-22.3.0-cp310-cp310-manylinux_2_17_x86_64.manylinux2014_x86_64.whl"
            },
            {
              "algorithm": "sha256",
              "hash": "863714200ada56cbc366dc9ae5291ceb936573155f8bf8e9de92aef51f3ad0f0",
              "url": "https://files.pythonhosted.org/packages/98/a0/98fe3aee7a08c7c9d470e38326cefb86372fb08332125d5b0414a22ab49f/black-22.3.0-cp38-cp38-macosx_11_0_arm64.whl"
            },
            {
              "algorithm": "sha256",
              "hash": "5891ef8abc06576985de8fa88e95ab70641de6c1fca97e2a15820a9b69e51b20",
              "url": "https://files.pythonhosted.org/packages/a4/43/940f848d7d1ecf0be18453a293e5736e9ce60fd6197386a791bcc491f232/black-22.3.0-cp39-cp39-macosx_10_9_universal2.whl"
            },
            {
              "algorithm": "sha256",
              "hash": "e8477ec6bbfe0312c128e74644ac8a02ca06bcdb8982d4ee06f209be28cdf163",
              "url": "https://files.pythonhosted.org/packages/a9/64/4682e5c7ca539bef71cb9be592f649ff5f1e1134a8e72e2bff8632ade99d/black-22.3.0-cp38-cp38-macosx_10_9_universal2.whl"
            },
            {
              "algorithm": "sha256",
              "hash": "2497f9c2386572e28921fa8bec7be3e51de6801f7459dffd6e62492531c47e09",
              "url": "https://files.pythonhosted.org/packages/e1/1b/3ba8128f0b6e86d87343a1275e17baeeeee1a89e02d2a0d275f472be3310/black-22.3.0-cp310-cp310-macosx_10_9_universal2.whl"
            },
            {
              "algorithm": "sha256",
              "hash": "30d78ba6bf080eeaf0b7b875d924b15cd46fec5fd044ddfbad38c8ea9171043a",
              "url": "https://files.pythonhosted.org/packages/e5/b7/e4e8907dffdac70f018ddb89681dbc77cbc7ac78d1f8a39259110a7e7943/black-22.3.0-cp39-cp39-macosx_10_9_x86_64.whl"
            },
            {
              "algorithm": "sha256",
              "hash": "35020b8886c022ced9282b51b5a875b6d1ab0c387b31a065b84db7c33085ca79",
              "url": "https://files.pythonhosted.org/packages/ee/1f/b29c7371958ab41a800f8718f5d285bf4333b8d0b5a5a8650234463ee644/black-22.3.0.tar.gz"
            }
          ],
          "project_name": "black",
          "requires_dists": [
            "aiohttp>=3.7.4; extra == \"d\"",
            "click>=8.0.0",
            "colorama>=0.4.3; extra == \"colorama\"",
            "dataclasses>=0.6; python_version < \"3.7\"",
            "ipython>=7.8.0; extra == \"jupyter\"",
            "mypy-extensions>=0.4.3",
            "pathspec>=0.9.0",
            "platformdirs>=2",
            "tokenize-rt>=3.2.0; extra == \"jupyter\"",
            "tomli>=1.1.0; python_version < \"3.11\"",
            "typed-ast>=1.4.2; python_version < \"3.8\" and implementation_name == \"cpython\"",
            "typing-extensions>=3.10.0.0; python_version < \"3.10\"",
            "uvloop>=0.15.2; extra == \"uvloop\""
          ],
          "requires_python": ">=3.6.2",
          "version": "22.3"
        },
        {
          "artifacts": [
            {
              "algorithm": "sha256",
              "hash": "bb4d8133cb15a609f44e8213d9b391b0809795062913b383c62be0ee95b1db48",
              "url": "https://files.pythonhosted.org/packages/c2/f1/df59e28c642d583f7dacffb1e0965d0e00b218e0186d7858ac5233dce840/click-8.1.3-py3-none-any.whl"
            },
            {
              "algorithm": "sha256",
              "hash": "7682dc8afb30297001674575ea00d1814d808d6a36af415a82bd481d37ba7b8e",
              "url": "https://files.pythonhosted.org/packages/59/87/84326af34517fca8c58418d148f2403df25303e02736832403587318e9e8/click-8.1.3.tar.gz"
            }
          ],
          "project_name": "click",
          "requires_dists": [
            "colorama; platform_system == \"Windows\"",
            "importlib-metadata; python_version < \"3.8\""
          ],
          "requires_python": ">=3.7",
          "version": "8.1.3"
        },
        {
          "artifacts": [
            {
              "algorithm": "sha256",
              "hash": "090fedd75945a69ae91ce1303b5824f428daf5a028d2f6ab8a299250a846f15d",
              "url": "https://files.pythonhosted.org/packages/5c/eb/975c7c080f3223a5cdaff09612f3a5221e4ba534f7039db34c35d95fa6a5/mypy_extensions-0.4.3-py2.py3-none-any.whl"
            },
            {
              "algorithm": "sha256",
              "hash": "2d82818f5bb3e369420cb3c4060a7970edba416647068eb4c5343488a6c604a8",
              "url": "https://files.pythonhosted.org/packages/63/60/0582ce2eaced55f65a4406fc97beba256de4b7a95a0034c6576458c6519f/mypy_extensions-0.4.3.tar.gz"
            }
          ],
          "project_name": "mypy-extensions",
          "requires_dists": [
            "typing>=3.5.3; python_version < \"3.5\""
          ],
          "requires_python": null,
          "version": "0.4.3"
        },
        {
          "artifacts": [
            {
              "algorithm": "sha256",
              "hash": "3c95343af8b756205e2aba76e843ba9520a24dd84f68c22b9f93251507509dd6",
              "url": "https://files.pythonhosted.org/packages/3c/29/c07c3a976dbe37c56e381e058c11e8738cb3a0416fc842a310461f8bb695/pathspec-0.10.3-py3-none-any.whl"
            },
            {
              "algorithm": "sha256",
              "hash": "56200de4077d9d0791465aa9095a01d421861e405b5096955051deefd697d6f6",
              "url": "https://files.pythonhosted.org/packages/32/1a/6baf904503c3e943cae9605c9c88a43b964dea5b59785cf956091b341b08/pathspec-0.10.3.tar.gz"
            }
          ],
          "project_name": "pathspec",
          "requires_dists": [],
          "requires_python": ">=3.7",
          "version": "0.10.3"
        },
        {
          "artifacts": [
            {
              "algorithm": "sha256",
              "hash": "83c8f6d04389165de7c9b6f0c682439697887bca0aa2f1c87ef1826be3584490",
              "url": "https://files.pythonhosted.org/packages/c1/c7/9be9d651b93efce682b45142a6267034fc4215972780748618c02e236361/platformdirs-2.6.2-py3-none-any.whl"
            },
            {
              "algorithm": "sha256",
              "hash": "e1fea1fe471b9ff8332e229df3cb7de4f53eeea4998d3b6bfff542115e998bd2",
              "url": "https://files.pythonhosted.org/packages/cf/4d/198b7e6c6c2b152f4f9f4cdf975d3590e33e63f1920f2d89af7f0390e6db/platformdirs-2.6.2.tar.gz"
            }
          ],
          "project_name": "platformdirs",
          "requires_dists": [
            "appdirs==1.4.4; extra == \"test\"",
            "covdefaults>=2.2.2; extra == \"test\"",
            "furo>=2022.12.7; extra == \"docs\"",
            "proselint>=0.13; extra == \"docs\"",
            "pytest-cov>=4; extra == \"test\"",
            "pytest-mock>=3.10; extra == \"test\"",
            "pytest>=7.2; extra == \"test\"",
            "sphinx-autodoc-typehints>=1.19.5; extra == \"docs\"",
            "sphinx>=5.3; extra == \"docs\"",
            "typing-extensions>=4.4; python_version < \"3.8\""
          ],
          "requires_python": ">=3.7",
          "version": "2.6.2"
        },
        {
          "artifacts": [
            {
              "algorithm": "sha256",
              "hash": "939de3e7a6161af0c887ef91b7d41a53e7c5a1ca976325f429cb46ea9bc30ecc",
              "url": "https://files.pythonhosted.org/packages/97/75/10a9ebee3fd790d20926a90a2547f0bf78f371b2f13aa822c759680ca7b9/tomli-2.0.1-py3-none-any.whl"
            },
            {
              "algorithm": "sha256",
              "hash": "de526c12914f0c550d15924c62d72abc48d6fe7364aa87328337a31007fe8a4f",
              "url": "https://files.pythonhosted.org/packages/c0/3f/d7af728f075fb08564c5949a9c95e44352e23dee646869fa104a3b2060a3/tomli-2.0.1.tar.gz"
            }
          ],
          "project_name": "tomli",
          "requires_dists": [],
          "requires_python": ">=3.7",
          "version": "2.0.1"
        },
        {
          "artifacts": [
            {
              "algorithm": "sha256",
              "hash": "16fa4864408f655d35ec496218b85f79b3437c829e93320c7c9215ccfd92489e",
              "url": "https://files.pythonhosted.org/packages/0b/8e/f1a0a5a76cfef77e1eb6004cb49e5f8d72634da638420b9ea492ce8305e8/typing_extensions-4.4.0-py3-none-any.whl"
            },
            {
              "algorithm": "sha256",
              "hash": "1511434bb92bf8dd198c12b1cc812e800d4181cfcb867674e0f8279cc93087aa",
              "url": "https://files.pythonhosted.org/packages/e3/a7/8f4e456ef0adac43f452efc2d0e4b242ab831297f1bac60ac815d37eb9cf/typing_extensions-4.4.0.tar.gz"
            }
          ],
          "project_name": "typing-extensions",
          "requires_dists": [],
          "requires_python": ">=3.7",
          "version": "4.4"
        }
      ],
      "platform_tag": null
    }
  ],
  "path_mappings": {},
  "pex_version": "2.1.108",
  "pip_version": "20.3.4-patched",
  "prefer_older_binary": false,
  "requirements": [
    "black==22.3.0",
    "typing-extensions>=3.10.0.0; python_version < \"3.10\""
  ],
  "requires_python": [
    ">=3.8.*"
  ],
  "resolver_version": "pip-2020-resolver",
  "style": "universal",
  "target_systems": [
    "linux",
    "mac"
  ],
  "transitive": true,
  "use_pep517": null
}
