// This lockfile was autogenerated by Pants. To regenerate, run:
//
//    pants generate-lockfiles --resolve=dev
//
// --- BEGIN PANTS LOCKFILE METADATA: DO NOT EDIT OR REMOVE ---
// {
//   "version": 3,
//   "valid_for_interpreter_constraints": [
//     "CPython>=3.9.*"
//   ],
//   "generated_with_requirements": [
//     "black==22.3.0",
//     "mypy",
//     "pandas-stubs",
//     "pylint[pytest]"
//   ],
//   "manylinux": "manylinux2014",
//   "requirement_constraints": [],
//   "only_binary": [],
//   "no_binary": []
// }
// --- END PANTS LOCKFILE METADATA ---

{
  "allow_builds": true,
  "allow_prereleases": false,
  "allow_wheels": true,
  "build_isolation": true,
  "constraints": [],
  "locked_resolves": [
    {
      "locked_requirements": [
        {
          "artifacts": [
            {
              "algorithm": "sha256",
              "hash": "389656ca57b6108f939cf5d2f9a2a825a3be50ba9d589670f393236e0a03b91c",
              "url": "https://files.pythonhosted.org/packages/86/6f/22a8153395e193369fd43ca9d54123e74360115df4f10902516313eb9f10/astroid-2.15.6-py3-none-any.whl"
            },
            {
              "algorithm": "sha256",
              "hash": "903f024859b7c7687d7a7f3a3f73b17301f8e42dfd9cc9df9d4418172d3e2dbd",
              "url": "https://files.pythonhosted.org/packages/d5/05/2c2ef3504e32a22b224614d45c590abb5be417cfed47ee63bf6089c3ae56/astroid-2.15.6.tar.gz"
            }
          ],
          "project_name": "astroid",
          "requires_dists": [
            "lazy-object-proxy>=1.4.0",
            "typed-ast<2.0,>=1.4.0; implementation_name == \"cpython\" and python_version < \"3.8\"",
            "typing-extensions>=4.0.0; python_version < \"3.11\"",
            "wrapt<2,>=1.11; python_version < \"3.11\"",
            "wrapt<2,>=1.14; python_version >= \"3.11\""
          ],
          "requires_python": ">=3.7.2",
          "version": "2.15.6"
        },
        {
          "artifacts": [
            {
              "algorithm": "sha256",
              "hash": "bc58025940a896d7e5356952228b68f793cf5fcb342be703c3a2669a1488cb72",
              "url": "https://files.pythonhosted.org/packages/2e/ef/a38a2189959246543e60859fb65bd3143129f6d18dfc7bcdd79217f81ca2/black-22.3.0-py3-none-any.whl"
            },
            {
              "algorithm": "sha256",
              "hash": "5795a0375eb87bfe902e80e0c8cfaedf8af4d49694d69161e5bd3206c18618bb",
              "url": "https://files.pythonhosted.org/packages/31/1a/0233cdbfbcfbc0864d815cf28ca40cdb65acf3601f3bf943d6d04e867858/black-22.3.0-cp310-cp310-macosx_10_9_x86_64.whl"
            },
            {
              "algorithm": "sha256",
              "hash": "e3556168e2e5c49629f7b0f377070240bd5511e45e25a4497bb0073d9dda776a",
              "url": "https://files.pythonhosted.org/packages/4f/98/8f775455f99a8e4b16d8d26efdc8292f99b1c0ebfe04357d800ff379c0ae/black-22.3.0-cp310-cp310-macosx_11_0_arm64.whl"
            },
            {
              "algorithm": "sha256",
              "hash": "6ee227b696ca60dd1c507be80a6bc849a5a6ab57ac7352aad1ffec9e8b805f21",
              "url": "https://files.pythonhosted.org/packages/51/ec/c87695b087b7525fd9c7732c630455f231d3df9a300b730bd0e04ea00f84/black-22.3.0-cp39-cp39-manylinux_2_17_x86_64.manylinux2014_x86_64.whl"
            },
            {
              "algorithm": "sha256",
              "hash": "ee8f1f7228cce7dffc2b464f07ce769f478968bfb3dd1254a4c2eeed84928aad",
              "url": "https://files.pythonhosted.org/packages/56/74/c27c496223168af625d6bba8a14bc581e7742bf7248504a4b5743c374767/black-22.3.0-cp39-cp39-macosx_11_0_arm64.whl"
            },
            {
              "algorithm": "sha256",
              "hash": "67c8301ec94e3bcc8906740fe071391bce40a862b7be0b86fb5382beefecd968",
              "url": "https://files.pythonhosted.org/packages/93/98/6f7c2f7f81d87b5771febcee933ba58640fca29a767262763bc353074f63/black-22.3.0-cp310-cp310-manylinux_2_17_x86_64.manylinux2014_x86_64.whl"
            },
            {
              "algorithm": "sha256",
              "hash": "5891ef8abc06576985de8fa88e95ab70641de6c1fca97e2a15820a9b69e51b20",
              "url": "https://files.pythonhosted.org/packages/a4/43/940f848d7d1ecf0be18453a293e5736e9ce60fd6197386a791bcc491f232/black-22.3.0-cp39-cp39-macosx_10_9_universal2.whl"
            },
            {
              "algorithm": "sha256",
              "hash": "2497f9c2386572e28921fa8bec7be3e51de6801f7459dffd6e62492531c47e09",
              "url": "https://files.pythonhosted.org/packages/e1/1b/3ba8128f0b6e86d87343a1275e17baeeeee1a89e02d2a0d275f472be3310/black-22.3.0-cp310-cp310-macosx_10_9_universal2.whl"
            },
            {
              "algorithm": "sha256",
              "hash": "30d78ba6bf080eeaf0b7b875d924b15cd46fec5fd044ddfbad38c8ea9171043a",
              "url": "https://files.pythonhosted.org/packages/e5/b7/e4e8907dffdac70f018ddb89681dbc77cbc7ac78d1f8a39259110a7e7943/black-22.3.0-cp39-cp39-macosx_10_9_x86_64.whl"
            },
            {
              "algorithm": "sha256",
              "hash": "35020b8886c022ced9282b51b5a875b6d1ab0c387b31a065b84db7c33085ca79",
              "url": "https://files.pythonhosted.org/packages/ee/1f/b29c7371958ab41a800f8718f5d285bf4333b8d0b5a5a8650234463ee644/black-22.3.0.tar.gz"
            }
          ],
          "project_name": "black",
          "requires_dists": [
            "aiohttp>=3.7.4; extra == \"d\"",
            "click>=8.0.0",
            "colorama>=0.4.3; extra == \"colorama\"",
            "dataclasses>=0.6; python_version < \"3.7\"",
            "ipython>=7.8.0; extra == \"jupyter\"",
            "mypy-extensions>=0.4.3",
            "pathspec>=0.9.0",
            "platformdirs>=2",
            "tokenize-rt>=3.2.0; extra == \"jupyter\"",
            "tomli>=1.1.0; python_version < \"3.11\"",
            "typed-ast>=1.4.2; python_version < \"3.8\" and implementation_name == \"cpython\"",
            "typing-extensions>=3.10.0.0; python_version < \"3.10\"",
            "uvloop>=0.15.2; extra == \"uvloop\""
          ],
          "requires_python": ">=3.6.2",
          "version": "22.3.0"
        },
        {
          "artifacts": [
            {
              "algorithm": "sha256",
              "hash": "ae74fb96c20a0277a1d615f1e4d73c8414f5a98db8b799a7931d1582f3390c28",
              "url": "https://files.pythonhosted.org/packages/00/2e/d53fa4befbf2cfa713304affc7ca780ce4fc1fd8710527771b58311a3229/click-8.1.7-py3-none-any.whl"
            },
            {
              "algorithm": "sha256",
              "hash": "ca9853ad459e787e2192211578cc907e7594e294c7ccc834310722b41b9ca6de",
              "url": "https://files.pythonhosted.org/packages/96/d3/f04c7bfcf5c1862a2a5b845c6b2b360488cf47af55dfa79c98f6a6bf98b5/click-8.1.7.tar.gz"
            }
          ],
          "project_name": "click",
          "requires_dists": [
            "colorama; platform_system == \"Windows\"",
            "importlib-metadata; python_version < \"3.8\""
          ],
          "requires_python": ">=3.7",
          "version": "8.1.7"
        },
        {
          "artifacts": [
            {
              "algorithm": "sha256",
              "hash": "76b122c08ef4ce2eedcd4d1abd8e641114bfc6c2867f49f3c41facf65bf19f5e",
              "url": "https://files.pythonhosted.org/packages/f5/3a/74a29b11cf2cdfcd6ba89c0cecd70b37cd1ba7b77978ce611eb7a146a832/dill-0.3.7-py3-none-any.whl"
            },
            {
              "algorithm": "sha256",
              "hash": "cc1c8b182eb3013e24bd475ff2e9295af86c1a38eb1aff128dac8962a9ce3c03",
              "url": "https://files.pythonhosted.org/packages/c4/31/54dd222e02311c2dbc9e680d37cbd50f4494ce1ee9b04c69980e4ec26f38/dill-0.3.7.tar.gz"
            }
          ],
          "project_name": "dill",
          "requires_dists": [
            "objgraph>=1.7.2; extra == \"graph\""
          ],
          "requires_python": ">=3.7",
          "version": "0.3.7"
        },
        {
          "artifacts": [
            {
              "algorithm": "sha256",
              "hash": "f84c2818376e66cf843d497486ea8fed8700b340f308f076c6fb1229dff318b6",
              "url": "https://files.pythonhosted.org/packages/0a/63/4036ae70eea279c63e2304b91ee0ac182f467f24f86394ecfe726092340b/isort-5.12.0-py3-none-any.whl"
            },
            {
              "algorithm": "sha256",
              "hash": "8bef7dde241278824a6d83f44a544709b065191b95b6e50894bdc722fcba0504",
              "url": "https://files.pythonhosted.org/packages/a9/c4/dc00e42c158fc4dda2afebe57d2e948805c06d5169007f1724f0683010a9/isort-5.12.0.tar.gz"
            }
          ],
          "project_name": "isort",
          "requires_dists": [
            "colorama>=0.4.3; extra == \"colors\"",
            "pip-api; extra == \"requirements-deprecated-finder\"",
            "pip-shims>=0.5.2; extra == \"pipfile-deprecated-finder\"",
            "pipreqs; extra == \"pipfile-deprecated-finder\" or extra == \"requirements-deprecated-finder\"",
            "requirementslib; extra == \"pipfile-deprecated-finder\"",
            "setuptools; extra == \"plugins\""
          ],
          "requires_python": ">=3.8.0",
          "version": "5.12.0"
        },
        {
          "artifacts": [
            {
              "algorithm": "sha256",
              "hash": "09763491ce220c0299688940f8dc2c5d05fd1f45af1e42e636b2e8b2303e4382",
              "url": "https://files.pythonhosted.org/packages/5c/76/0b16dc53e9ee5b24c621d808f46cca11e5e86c602b6bcd6dc27f9504af5b/lazy_object_proxy-1.9.0-cp39-cp39-musllinux_1_1_x86_64.whl"
            },
            {
              "algorithm": "sha256",
              "hash": "946d27deaff6cf8452ed0dba83ba38839a87f4f7a9732e8f9fd4107b21e6ff07",
              "url": "https://files.pythonhosted.org/packages/00/74/46a68f51457639c0cd79e385e2f49c0fa7324470997ac096108669c1e182/lazy_object_proxy-1.9.0-cp311-cp311-macosx_10_9_x86_64.whl"
            },
            {
              "algorithm": "sha256",
              "hash": "5f83ac4d83ef0ab017683d715ed356e30dd48a93746309c8f3517e1287523ef4",
              "url": "https://files.pythonhosted.org/packages/18/1b/04ac4490a62ae1916f88e629e74192ada97d74afc927453d005f003e5a8f/lazy_object_proxy-1.9.0-cp39-cp39-manylinux_2_17_aarch64.manylinux2014_aarch64.whl"
            },
            {
              "algorithm": "sha256",
              "hash": "e8c6cfb338b133fbdbc5cfaa10fe3c6aeea827db80c978dbd13bc9dd8526b7d4",
              "url": "https://files.pythonhosted.org/packages/1d/5d/25b9007c65f45805e711b56beac50ba395214e9e556cc8ee57f0882f88a9/lazy_object_proxy-1.9.0-cp310-cp310-manylinux_2_17_aarch64.manylinux2014_aarch64.whl"
            },
            {
              "algorithm": "sha256",
              "hash": "659fb5809fa4629b8a1ac5106f669cfc7bef26fbb389dda53b3e010d1ac4ebae",
              "url": "https://files.pythonhosted.org/packages/20/c0/8bab72a73607d186edad50d0168ca85bd2743cfc55560c9d721a94654b20/lazy-object-proxy-1.9.0.tar.gz"
            },
            {
              "algorithm": "sha256",
              "hash": "721532711daa7db0d8b779b0bb0318fa87af1c10d7fe5e52ef30f8eff254d0cd",
              "url": "https://files.pythonhosted.org/packages/27/a1/7cc10ca831679c5875c18ae6e0a468f7787ecd31fdd53598f91ea50df58d/lazy_object_proxy-1.9.0-cp310-cp310-manylinux_2_5_x86_64.manylinux1_x86_64.manylinux_2_17_x86_64.manylinux2014_x86_64.whl"
            },
            {
              "algorithm": "sha256",
              "hash": "66a3de4a3ec06cd8af3f61b8e1ec67614fbb7c995d02fa224813cb7afefee701",
              "url": "https://files.pythonhosted.org/packages/31/ad/e8605300f51061284cc57ca0f4ef582047c7f309bda1bb1c3c19b64af5c9/lazy_object_proxy-1.9.0-cp310-cp310-musllinux_1_1_aarch64.whl"
            },
            {
              "algorithm": "sha256",
              "hash": "7322c3d6f1766d4ef1e51a465f47955f1e8123caee67dd641e67d539a534d006",
              "url": "https://files.pythonhosted.org/packages/4c/a4/cdd6f41a675a89ab584c78019a24adc533829764bcc85b0e24ed2678020c/lazy_object_proxy-1.9.0-cp39-cp39-manylinux_2_5_x86_64.manylinux1_x86_64.manylinux_2_17_x86_64.manylinux2014_x86_64.whl"
            },
            {
              "algorithm": "sha256",
              "hash": "bfb38f9ffb53b942f2b5954e0f610f1e721ccebe9cce9025a38c8ccf4a5183a4",
              "url": "https://files.pythonhosted.org/packages/51/28/5c6dfb51df2cbb6d771a3b0d009f1edeab01f5cb16303ce32764b01636c0/lazy_object_proxy-1.9.0-cp311-cp311-musllinux_1_1_aarch64.whl"
            },
            {
              "algorithm": "sha256",
              "hash": "18b78ec83edbbeb69efdc0e9c1cb41a3b1b1ed11ddd8ded602464c3fc6020494",
              "url": "https://files.pythonhosted.org/packages/82/ac/d079d3ad377ba72e29d16ac077f8626ad4d3f55369c93168d0b81153d9a2/lazy_object_proxy-1.9.0-cp39-cp39-musllinux_1_1_aarch64.whl"
            },
            {
              "algorithm": "sha256",
              "hash": "b40387277b0ed2d0602b8293b94d7257e17d1479e257b4de114ea11a8cb7f2d7",
              "url": "https://files.pythonhosted.org/packages/86/93/e921f7a795e252df7248e0d220dc69a9443ad507fe258dea51a32e5435ca/lazy_object_proxy-1.9.0-cp310-cp310-macosx_10_9_x86_64.whl"
            },
            {
              "algorithm": "sha256",
              "hash": "9e7551208b2aded9c1447453ee366f1c4070602b3d932ace044715d89666899b",
              "url": "https://files.pythonhosted.org/packages/a8/32/c1a67f76ec6923a8a8b1bc006b7cb3d195e386e03fe56e20fe38fce0321e/lazy_object_proxy-1.9.0-cp39-cp39-macosx_10_9_x86_64.whl"
            },
            {
              "algorithm": "sha256",
              "hash": "189bbd5d41ae7a498397287c408617fe5c48633e7755287b21d741f7db2706a9",
              "url": "https://files.pythonhosted.org/packages/b0/78/78962cb6f6d31a952acbc54e7838a5a85d952144973bd6e7ad24323dd466/lazy_object_proxy-1.9.0-cp311-cp311-musllinux_1_1_x86_64.whl"
            },
            {
              "algorithm": "sha256",
              "hash": "f699ac1c768270c9e384e4cbd268d6e67aebcfae6cd623b4d7c3bfde5a35db59",
              "url": "https://files.pythonhosted.org/packages/c9/8f/c8aab72c72634de0c726a98a1e4c84a93ef20049ee0427c871214f6a58d5/lazy_object_proxy-1.9.0-cp311-cp311-manylinux_2_5_x86_64.manylinux1_x86_64.manylinux_2_17_x86_64.manylinux2014_x86_64.whl"
            },
            {
              "algorithm": "sha256",
              "hash": "1aa3de4088c89a1b69f8ec0dcc169aa725b0ff017899ac568fe44ddc1396df46",
              "url": "https://files.pythonhosted.org/packages/d0/f4/95999792ce5f9223bac10cb31b1724723ecd0ba13e081c5fb806d7f5b9c4/lazy_object_proxy-1.9.0-cp310-cp310-musllinux_1_1_x86_64.whl"
            },
            {
              "algorithm": "sha256",
              "hash": "79a31b086e7e68b24b99b23d57723ef7e2c6d81ed21007b6281ebcd1688acb0a",
              "url": "https://files.pythonhosted.org/packages/fc/8d/8e0fbfeec6e51184326e0886443e44142ce22d89fa9e9c3152900e654fa0/lazy_object_proxy-1.9.0-cp311-cp311-manylinux_2_17_aarch64.manylinux2014_aarch64.whl"
            }
          ],
          "project_name": "lazy-object-proxy",
          "requires_dists": [],
          "requires_python": ">=3.7",
          "version": "1.9.0"
        },
        {
          "artifacts": [
            {
              "algorithm": "sha256",
              "hash": "6c2d30ab6be0e4a46919781807b4f0d834ebdd6c6e3dca0bda5a15f863427b6e",
              "url": "https://files.pythonhosted.org/packages/27/1a/1f68f9ba0c207934b35b86a8ca3aad8395a3d6dd7921c0686e23853ff5a9/mccabe-0.7.0-py2.py3-none-any.whl"
            },
            {
              "algorithm": "sha256",
              "hash": "348e0240c33b60bbdf4e523192ef919f28cb2c3d7d5c7794f74009290f236325",
              "url": "https://files.pythonhosted.org/packages/e7/ff/0ffefdcac38932a54d2b5eed4e0ba8a408f215002cd178ad1df0f2806ff8/mccabe-0.7.0.tar.gz"
            }
          ],
          "project_name": "mccabe",
          "requires_dists": [],
          "requires_python": ">=3.6",
          "version": "0.7.0"
        },
        {
          "artifacts": [
            {
              "algorithm": "sha256",
              "hash": "f757063a83970d67c444f6e01d9550a7402322af3557ce7630d3c957386fa8f5",
              "url": "https://files.pythonhosted.org/packages/d7/e0/4f80f9d3a7dffb97d7ba3b2eb6b06011d311bfd645727e51b003db482d48/mypy-1.5.1-py3-none-any.whl"
            },
            {
              "algorithm": "sha256",
              "hash": "32cb59609b0534f0bd67faebb6e022fe534bdb0e2ecab4290d683d248be1b275",
              "url": "https://files.pythonhosted.org/packages/04/ba/117a7497a714a8a62867e752fd8ba63eeac8e9a46bc9fc24bd85b00c2c84/mypy-1.5.1-cp311-cp311-musllinux_1_1_x86_64.whl"
            },
            {
              "algorithm": "sha256",
              "hash": "8f772942d372c8cbac575be99f9cc9d9fb3bd95c8bc2de6c01411e2c84ebca8a",
              "url": "https://files.pythonhosted.org/packages/08/dc/3d8800a45ff8b7a38125547acaf6060fda9924e855ece67ff721febf5437/mypy-1.5.1-cp39-cp39-macosx_10_9_x86_64.whl"
            },
            {
              "algorithm": "sha256",
              "hash": "b031b9601f1060bf1281feab89697324726ba0c0bae9d7cd7ab4b690940f0b92",
              "url": "https://files.pythonhosted.org/packages/33/f9/c84b68e4a754f5ce200dcf0786aa489164fa9d9dee84e375bd7d99caf637/mypy-1.5.1.tar.gz"
            },
            {
              "algorithm": "sha256",
              "hash": "51cb1323064b1099e177098cb939eab2da42fea5d818d40113957ec954fc85f4",
              "url": "https://files.pythonhosted.org/packages/3b/62/e4a096ff55326bddc51f2a532cede2fa2f5d02930e1085aaa4e46bf64dd7/mypy-1.5.1-cp311-cp311-macosx_11_0_arm64.whl"
            },
            {
              "algorithm": "sha256",
              "hash": "330857f9507c24de5c5724235e66858f8364a0693894342485e543f5b07c8693",
              "url": "https://files.pythonhosted.org/packages/42/7a/92845ec0a26900f5de0eeedb66ae4d5ae66c557d080c22fac4f97c4f2574/mypy-1.5.1-cp39-cp39-musllinux_1_1_x86_64.whl"
            },
            {
              "algorithm": "sha256",
              "hash": "258b22210a4a258ccd077426c7a181d789d1121aca6db73a83f79372f5569ae0",
              "url": "https://files.pythonhosted.org/packages/51/6c/b806cf96ca3236709ae41ff8fecb9c983e95c4ac9c84ccd0a7ae74230792/mypy-1.5.1-cp310-cp310-macosx_11_0_arm64.whl"
            },
            {
              "algorithm": "sha256",
              "hash": "361da43c4f5a96173220eb53340ace68cda81845cd88218f8862dfb0adc8cddb",
              "url": "https://files.pythonhosted.org/packages/63/20/c55a48793a30b0786755c108d81406ce43604bc600cdcd4990cb62b37cb8/mypy-1.5.1-cp39-cp39-manylinux_2_17_x86_64.manylinux2014_x86_64.whl"
            },
            {
              "algorithm": "sha256",
              "hash": "596fae69f2bfcb7305808c75c00f81fe2829b6236eadda536f00610ac5ec2243",
              "url": "https://files.pythonhosted.org/packages/66/51/6ef9d704c9d1f2197e2b966d0e50948879b97c6057f2652a9ba28e563c08/mypy-1.5.1-cp311-cp311-manylinux_2_17_x86_64.manylinux2014_x86_64.whl"
            },
            {
              "algorithm": "sha256",
              "hash": "a9ec1f695f0c25986e6f7f8778e5ce61659063268836a38c951200c57479cc12",
              "url": "https://files.pythonhosted.org/packages/6c/92/68315e0aec041c4a5c720289f6c3ff1234742362659f3229e1668898c250/mypy-1.5.1-cp310-cp310-manylinux_2_17_x86_64.manylinux2014_x86_64.whl"
            },
            {
              "algorithm": "sha256",
              "hash": "abed92d9c8f08643c7d831300b739562b0a6c9fcb028d211134fc9ab20ccad5d",
              "url": "https://files.pythonhosted.org/packages/9d/5f/6ccabe78465c6b82a08519a52a7ffdcc450edbe7e338a223e3169cda588e/mypy-1.5.1-cp310-cp310-musllinux_1_1_x86_64.whl"
            },
            {
              "algorithm": "sha256",
              "hash": "2fc3a600f749b1008cc75e02b6fb3d4db8dbcca2d733030fe7a3b3502902f161",
              "url": "https://files.pythonhosted.org/packages/bb/a1/eb6754a227d1b94058856962a5726e519abbb89433094111eff52e405af0/mypy-1.5.1-cp312-cp312-manylinux_2_17_x86_64.manylinux2014_x86_64.whl"
            },
            {
              "algorithm": "sha256",
              "hash": "5d627124700b92b6bbaa99f27cbe615c8ea7b3402960f6372ea7d65faf376c14",
              "url": "https://files.pythonhosted.org/packages/c1/6d/755ef7671bc01e2990dbd0054bd1855786b749764e35724be22d2d64c11d/mypy-1.5.1-cp39-cp39-macosx_11_0_arm64.whl"
            },
            {
              "algorithm": "sha256",
              "hash": "26fb32e4d4afa205b24bf645eddfbb36a1e17e995c5c99d6d00edb24b693406a",
              "url": "https://files.pythonhosted.org/packages/e3/41/8c200b001eba5cfa4f3b12abc9892b5af372da4613e77f1819cc08e2c15f/mypy-1.5.1-cp312-cp312-musllinux_1_1_x86_64.whl"
            },
            {
              "algorithm": "sha256",
              "hash": "26f71b535dfc158a71264e6dc805a9f8d2e60b67215ca0bfa26e2e1aa4d4d373",
              "url": "https://files.pythonhosted.org/packages/e3/da/71b2bcbf64a1e51dd668ce1b9a149c4bdada0fb1b8cd023b7087bf6c0ab0/mypy-1.5.1-cp312-cp312-macosx_11_0_arm64.whl"
            },
            {
              "algorithm": "sha256",
              "hash": "f33592ddf9655a4894aef22d134de7393e95fcbdc2d15c1ab65828eee5c66c70",
              "url": "https://files.pythonhosted.org/packages/e3/f2/f423ed3f405d5986e90990464cdc717a7745837e152400f4e8d6be965a35/mypy-1.5.1-cp310-cp310-macosx_10_9_x86_64.whl"
            },
            {
              "algorithm": "sha256",
              "hash": "6ac9c21bfe7bc9f7f1b6fae441746e6a106e48fc9de530dea29e8cd37a2c0cc4",
              "url": "https://files.pythonhosted.org/packages/f5/e9/0207b4be5f20b15a2a8fc5507941cbf18887c026d21486ad62dd65054dc1/mypy-1.5.1-cp311-cp311-macosx_10_9_x86_64.whl"
            },
            {
              "algorithm": "sha256",
              "hash": "f6b0e77db9ff4fda74de7df13f30016a0a663928d669c9f2c057048ba44f09bb",
              "url": "https://files.pythonhosted.org/packages/ff/87/7a81805e19648bc1f27569b1897774106aeca917b91a99998efb9a351525/mypy-1.5.1-cp312-cp312-macosx_10_9_x86_64.whl"
            }
          ],
          "project_name": "mypy",
          "requires_dists": [
            "lxml; extra == \"reports\"",
            "mypy-extensions>=1.0.0",
            "pip; extra == \"install-types\"",
            "psutil>=4.0; extra == \"dmypy\"",
            "tomli>=1.1.0; python_version < \"3.11\"",
            "typing-extensions>=4.1.0"
          ],
          "requires_python": ">=3.8",
          "version": "1.5.1"
        },
        {
          "artifacts": [
            {
              "algorithm": "sha256",
              "hash": "4392f6c0eb8a5668a69e23d168ffa70f0be9ccfd32b5cc2d26a34ae5b844552d",
              "url": "https://files.pythonhosted.org/packages/2a/e2/5d3f6ada4297caebe1a2add3b126fe800c96f56dbe5d1988a2cbe0b267aa/mypy_extensions-1.0.0-py3-none-any.whl"
            },
            {
              "algorithm": "sha256",
              "hash": "75dbf8955dc00442a438fc4d0666508a9a97b6bd41aa2f0ffe9d2f2725af0782",
              "url": "https://files.pythonhosted.org/packages/98/a4/1ab47638b92648243faf97a5aeb6ea83059cc3624972ab6b8d2316078d3f/mypy_extensions-1.0.0.tar.gz"
            }
          ],
          "project_name": "mypy-extensions",
          "requires_dists": [],
          "requires_python": ">=3.5",
          "version": "1.0.0"
        },
        {
          "artifacts": [
            {
              "algorithm": "sha256",
              "hash": "7d484292eaeb3e84a51432a94f53578689ffdea3f90e10c8b203a99be5af57d8",
              "url": "https://files.pythonhosted.org/packages/08/60/24b68df50a8b513e6de12eeed25028060db6c6abc831eb38178b38e67eb2/numpy-1.26.0-pp39-pypy39_pp73-manylinux_2_17_x86_64.manylinux2014_x86_64.whl"
            },
            {
              "algorithm": "sha256",
              "hash": "b44e6a09afc12952a7d2a58ca0a2429ee0d49a4f89d83a0a11052da696440e49",
              "url": "https://files.pythonhosted.org/packages/23/36/35495262d6faf673f2a0948cd2be2bf19f59877c45cba9d4c0b345c5288b/numpy-1.26.0-cp39-cp39-musllinux_1_1_x86_64.whl"
            },
            {
              "algorithm": "sha256",
              "hash": "4a873a8180479bc829313e8d9798d5234dfacfc2e8a7ac188418189bb8eafbd2",
              "url": "https://files.pythonhosted.org/packages/2a/11/c074f7530bac91294b09988c3ff7b024bf13bf6c19f751551fa1e700c27d/numpy-1.26.0-cp39-cp39-macosx_10_9_x86_64.whl"
            },
            {
              "algorithm": "sha256",
              "hash": "e5e18e5b14a7560d8acf1c596688f4dfd19b4f2945b245a71e5af4ddb7422feb",
              "url": "https://files.pythonhosted.org/packages/2f/70/c071b2347e339f572f5aa61f649b70167e5dd218e3da3dc600c9b08154b9/numpy-1.26.0-cp312-cp312-manylinux_2_17_aarch64.manylinux2014_aarch64.whl"
            },
            {
              "algorithm": "sha256",
              "hash": "306545e234503a24fe9ae95ebf84d25cba1fdc27db971aa2d9f1ab6bba19a9dd",
              "url": "https://files.pythonhosted.org/packages/35/21/9e150d654da358beb29fe216f339dc17f2b2ac13fff2a89669401a910550/numpy-1.26.0-cp311-cp311-macosx_11_0_arm64.whl"
            },
            {
              "algorithm": "sha256",
              "hash": "546b7dd7e22f3c6861463bebb000646fa730e55df5ee4a0224408b5694cc6148",
              "url": "https://files.pythonhosted.org/packages/37/41/63975634a93da2a384d3c8084eba467242cab68daab0cd8f4fd470dcee26/numpy-1.26.0-cp311-cp311-musllinux_1_1_x86_64.whl"
            },
            {
              "algorithm": "sha256",
              "hash": "c78a22e95182fb2e7874712433eaa610478a3caf86f28c621708d35fa4fd6e7f",
              "url": "https://files.pythonhosted.org/packages/41/95/1145b9072e39ef4c40d62f76d0d80be65a7c383ba3ef9ccd2d9a97974752/numpy-1.26.0-cp39-cp39-manylinux_2_17_aarch64.manylinux2014_aarch64.whl"
            },
            {
              "algorithm": "sha256",
              "hash": "4acc65dd65da28060e206c8f27a573455ed724e6179941edb19f97e58161bb69",
              "url": "https://files.pythonhosted.org/packages/45/08/025bb65dbe19749f1a67a80655670941982e5d0144a4e588ebbdbcfe7983/numpy-1.26.0-cp312-cp312-musllinux_1_1_x86_64.whl"
            },
            {
              "algorithm": "sha256",
              "hash": "f93fc78fe8bf15afe2b8d6b6499f1c73953169fad1e9a8dd086cdff3190e7fdf",
              "url": "https://files.pythonhosted.org/packages/55/b3/b13bce39ba82b7398c06d10446f5ffd5c07db39b09bd37370dc720c7951c/numpy-1.26.0.tar.gz"
            },
            {
              "algorithm": "sha256",
              "hash": "0621f7daf973d34d18b4e4bafb210bbaf1ef5e0100b5fa750bd9cde84c7ac292",
              "url": "https://files.pythonhosted.org/packages/5c/ff/0e1f31c70495df6a1afbe98fa237f36e6fb7c5443fcb9a53f43170e5814c/numpy-1.26.0-cp310-cp310-macosx_11_0_arm64.whl"
            },
            {
              "algorithm": "sha256",
              "hash": "51be5f8c349fdd1a5568e72713a21f518e7d6707bcf8503b528b88d33b57dc68",
              "url": "https://files.pythonhosted.org/packages/6a/c7/dc05fb56c0536f499d75ef4e201c37facb75e1ad1f416b98a9939f89f6f1/numpy-1.26.0-cp310-cp310-manylinux_2_17_aarch64.manylinux2014_aarch64.whl"
            },
            {
              "algorithm": "sha256",
              "hash": "86f737708b366c36b76e953c46ba5827d8c27b7a8c9d0f471810728e5a2fe57c",
              "url": "https://files.pythonhosted.org/packages/75/cd/7ae0f2cd3fc68aea6cfb2b7e523842e1fa953adb38efabc110d27ba6e423/numpy-1.26.0-cp39-cp39-manylinux_2_17_x86_64.manylinux2014_x86_64.whl"
            },
            {
              "algorithm": "sha256",
              "hash": "f042f66d0b4ae6d48e70e28d487376204d3cbf43b84c03bac57e28dac6151581",
              "url": "https://files.pythonhosted.org/packages/7a/72/6d1cbdf0d770016bc9485f9ef02e73d5cb4cf3c726f8e120b860a403d307/numpy-1.26.0-cp312-cp312-macosx_11_0_arm64.whl"
            },
            {
              "algorithm": "sha256",
              "hash": "767254ad364991ccfc4d81b8152912e53e103ec192d1bb4ea6b1f5a7117040be",
              "url": "https://files.pythonhosted.org/packages/9b/5a/f265a1ba3641d16b5480a217a6aed08cceef09cd173b568cd5351053472a/numpy-1.26.0-cp310-cp310-manylinux_2_17_x86_64.manylinux2014_x86_64.whl"
            },
            {
              "algorithm": "sha256",
              "hash": "8c6adc33561bd1d46f81131d5352348350fc23df4d742bb246cdfca606ea1208",
              "url": "https://files.pythonhosted.org/packages/a9/84/baf694be765d68c73f0f8a9d52151c339aed5f2d64205824a6f29021170c/numpy-1.26.0-cp311-cp311-manylinux_2_17_aarch64.manylinux2014_aarch64.whl"
            },
            {
              "algorithm": "sha256",
              "hash": "914b28d3215e0c721dc75db3ad6d62f51f630cb0c277e6b3bcb39519bed10bd8",
              "url": "https://files.pythonhosted.org/packages/b4/ca/fc1c4f8a2a4693ff437d039acf2dc93a190b9494569fbed246f535c44fc8/numpy-1.26.0-cp39-cp39-macosx_11_0_arm64.whl"
            },
            {
              "algorithm": "sha256",
              "hash": "f8db2f125746e44dce707dd44d4f4efeea8d7e2b43aace3f8d1f235cfa2733dd",
              "url": "https://files.pythonhosted.org/packages/be/f8/034752c5131c46e10364e4db241974f2eb6bb31bbfc4335344c19e17d909/numpy-1.26.0-cp310-cp310-macosx_10_9_x86_64.whl"
            },
            {
              "algorithm": "sha256",
              "hash": "e062aa24638bb5018b7841977c360d2f5917268d125c833a686b7cbabbec496c",
              "url": "https://files.pythonhosted.org/packages/c4/36/161e2f8110f8c49e59f6107bd6da4257d30aff9f06373d0471811f73dcc5/numpy-1.26.0-cp311-cp311-manylinux_2_17_x86_64.manylinux2014_x86_64.whl"
            },
            {
              "algorithm": "sha256",
              "hash": "436c8e9a4bdeeee84e3e59614d38c3dbd3235838a877af8c211cfcac8a80b8d3",
              "url": "https://files.pythonhosted.org/packages/c9/cc/be866f190cfe818e1eb128f887b3cd715cfa554de9d5fe876c5a3ea3af48/numpy-1.26.0-cp310-cp310-musllinux_1_1_x86_64.whl"
            },
            {
              "algorithm": "sha256",
              "hash": "637c58b468a69869258b8ae26f4a4c6ff8abffd4a8334c830ffb63e0feefe99a",
              "url": "https://files.pythonhosted.org/packages/d2/2f/b42860931c1479714201495ffe47d74460a916ae426a21fc9b68c5e329aa/numpy-1.26.0-cp311-cp311-macosx_10_9_x86_64.whl"
            },
            {
              "algorithm": "sha256",
              "hash": "7f6bad22a791226d0a5c7c27a80a20e11cfe09ad5ef9084d4d3fc4a299cca505",
              "url": "https://files.pythonhosted.org/packages/e3/e2/4ecfbc4a2e3f9d227b008c92a5d1f0370190a639b24fec3b226841eaaf19/numpy-1.26.0-cp312-cp312-manylinux_2_17_x86_64.manylinux2014_x86_64.whl"
            },
            {
              "algorithm": "sha256",
              "hash": "166b36197e9debc4e384e9c652ba60c0bacc216d0fc89e78f973a9760b503388",
              "url": "https://files.pythonhosted.org/packages/e9/83/f8a62f08d38d831a2980427ffc465a4207fe600124b00cfb0ef8265594a7/numpy-1.26.0-cp312-cp312-macosx_10_9_x86_64.whl"
            },
            {
              "algorithm": "sha256",
              "hash": "0792824ce2f7ea0c82ed2e4fecc29bb86bee0567a080dacaf2e0a01fe7654369",
              "url": "https://files.pythonhosted.org/packages/ef/97/57fa19bd7b7cc5e7344ad912617c7b535d08a0878b31e904e35dcf4f550d/numpy-1.26.0-pp39-pypy39_pp73-macosx_10_9_x86_64.whl"
            }
          ],
          "project_name": "numpy",
          "requires_dists": [],
          "requires_python": "<3.13,>=3.9",
          "version": "1.26.0"
        },
        {
          "artifacts": [
            {
              "algorithm": "sha256",
              "hash": "4b3dfc027d49779176b7daa031a3405f7b839bcb6e312f4b9f29fea5feec5b4f",
              "url": "https://files.pythonhosted.org/packages/0c/e9/e9550b05e262afc75b014b79224b6910f7cbc85cc40448b709ac90a58ecd/pandas_stubs-2.0.3.230814-py3-none-any.whl"
            },
            {
              "algorithm": "sha256",
              "hash": "1d5cc09e36e3d9f9a1ed9dceae4e03eeb26d1b898dd769996925f784365c8769",
              "url": "https://files.pythonhosted.org/packages/cc/73/852fec3fa5dd3072c261fb5153e82badcb6da63d8c3bbd4b386af0005379/pandas_stubs-2.0.3.230814.tar.gz"
            }
          ],
          "project_name": "pandas-stubs",
          "requires_dists": [
            "numpy<=1.24.3; python_full_version <= \"3.8.0\"",
            "numpy>=1.25.0; python_version >= \"3.9\"",
            "types-pytz>=2022.1.1"
          ],
          "requires_python": ">=3.8",
          "version": "2.0.3.230814"
        },
        {
          "artifacts": [
            {
              "algorithm": "sha256",
              "hash": "1d6ed233af05e679efb96b1851550ea95bbb64b7c490b0f5aa52996c11e92a20",
              "url": "https://files.pythonhosted.org/packages/b4/2a/9b1be29146139ef459188f5e420a66e835dda921208db600b7037093891f/pathspec-0.11.2-py3-none-any.whl"
            },
            {
              "algorithm": "sha256",
              "hash": "e0d8d0ac2f12da61956eb2306b69f9469b42f4deb0f3cb6ed47b9cce9996ced3",
              "url": "https://files.pythonhosted.org/packages/a0/2a/bd167cdf116d4f3539caaa4c332752aac0b3a0cc0174cdb302ee68933e81/pathspec-0.11.2.tar.gz"
            }
          ],
          "project_name": "pathspec",
          "requires_dists": [],
          "requires_python": ">=3.7",
          "version": "0.11.2"
        },
        {
          "artifacts": [
            {
              "algorithm": "sha256",
              "hash": "d7c24979f292f916dc9cbf8648319032f551ea8c49a4c9bf2fb556a02070ec1d",
              "url": "https://files.pythonhosted.org/packages/14/51/fe5a0d6ea589f0d4a1b97824fb518962ad48b27cd346dcdfa2405187997a/platformdirs-3.10.0-py3-none-any.whl"
            },
            {
              "algorithm": "sha256",
              "hash": "b45696dab2d7cc691a3226759c0d3b00c47c8b6e293d96f6436f733303f77f6d",
              "url": "https://files.pythonhosted.org/packages/dc/99/c922839819f5d00d78b3a1057b5ceee3123c69b2216e776ddcb5a4c265ff/platformdirs-3.10.0.tar.gz"
            }
          ],
          "project_name": "platformdirs",
          "requires_dists": [
            "appdirs==1.4.4; extra == \"test\"",
            "covdefaults>=2.3; extra == \"test\"",
            "furo>=2023.7.26; extra == \"docs\"",
            "proselint>=0.13; extra == \"docs\"",
            "pytest-cov>=4.1; extra == \"test\"",
            "pytest-mock>=3.11.1; extra == \"test\"",
            "pytest>=7.4; extra == \"test\"",
            "sphinx-autodoc-typehints>=1.24; extra == \"docs\"",
            "sphinx>=7.1.1; extra == \"docs\"",
            "typing-extensions>=4.7.1; python_version < \"3.8\""
          ],
          "requires_python": ">=3.7",
          "version": "3.10.0"
        },
        {
          "artifacts": [
            {
              "algorithm": "sha256",
              "hash": "73995fb8216d3bed149c8d51bba25b2c52a8251a2c8ac846ec668ce38fab5413",
              "url": "https://files.pythonhosted.org/packages/63/cc/00cbe3f09bd6d98d79ee66cf76451d253fb1a8a59029535ea2b6ba8a824d/pylint-2.17.5-py3-none-any.whl"
            },
            {
              "algorithm": "sha256",
              "hash": "f7b601cbc06fef7e62a754e2b41294c2aa31f1cb659624b9a85bcba29eaf8252",
              "url": "https://files.pythonhosted.org/packages/19/07/24a57a4b12b8ea09f61436db7b312676aa2e526a34dbd0f2866e3e563e1a/pylint-2.17.5.tar.gz"
            }
          ],
          "project_name": "pylint",
          "requires_dists": [
            "astroid<=2.17.0-dev0,>=2.15.6",
            "colorama>=0.4.5; sys_platform == \"win32\"",
            "dill>=0.2; python_version < \"3.11\"",
            "dill>=0.3.6; python_version >= \"3.11\"",
            "gitpython>3; extra == \"testutils\"",
            "isort<6,>=4.2.5",
            "mccabe<0.8,>=0.6",
            "platformdirs>=2.2.0",
            "pyenchant~=3.2; extra == \"spelling\"",
            "tomli>=1.1.0; python_version < \"3.11\"",
            "tomlkit>=0.10.1",
            "typing-extensions>=3.10.0; python_version < \"3.10\""
          ],
          "requires_python": ">=3.7.2",
          "version": "2.17.5"
        },
        {
          "artifacts": [
            {
              "algorithm": "sha256",
              "hash": "939de3e7a6161af0c887ef91b7d41a53e7c5a1ca976325f429cb46ea9bc30ecc",
              "url": "https://files.pythonhosted.org/packages/97/75/10a9ebee3fd790d20926a90a2547f0bf78f371b2f13aa822c759680ca7b9/tomli-2.0.1-py3-none-any.whl"
            },
            {
              "algorithm": "sha256",
              "hash": "de526c12914f0c550d15924c62d72abc48d6fe7364aa87328337a31007fe8a4f",
              "url": "https://files.pythonhosted.org/packages/c0/3f/d7af728f075fb08564c5949a9c95e44352e23dee646869fa104a3b2060a3/tomli-2.0.1.tar.gz"
            }
          ],
          "project_name": "tomli",
          "requires_dists": [],
          "requires_python": ">=3.7",
          "version": "2.0.1"
        },
        {
          "artifacts": [
            {
              "algorithm": "sha256",
              "hash": "712cbd236609acc6a3e2e97253dfc52d4c2082982a88f61b640ecf0817eab899",
              "url": "https://files.pythonhosted.org/packages/a0/6d/808775ed618e51edaa7bbe6759e22e1c7eafe359af6e084700c6d39d3455/tomlkit-0.12.1-py3-none-any.whl"
            },
            {
              "algorithm": "sha256",
              "hash": "38e1ff8edb991273ec9f6181244a6a391ac30e9f5098e7535640ea6be97a7c86",
              "url": "https://files.pythonhosted.org/packages/0d/07/d34a911a98e64b07f862da4b10028de0c1ac2222ab848eaf5dd1877c4b1b/tomlkit-0.12.1.tar.gz"
            }
          ],
          "project_name": "tomlkit",
          "requires_dists": [],
          "requires_python": ">=3.7",
          "version": "0.12.1"
        },
        {
          "artifacts": [
            {
              "algorithm": "sha256",
              "hash": "1999a123a3dc0e39a2ef6d19f3f8584211de9e6a77fe7a0259f04a524e90a5cf",
              "url": "https://files.pythonhosted.org/packages/79/4f/58c28f50233612d9890cc2b068aee977ef3f7d6434ef4debf98162e34152/types_pytz-2023.3.1.1-py3-none-any.whl"
            },
            {
              "algorithm": "sha256",
              "hash": "cc23d0192cd49c8f6bba44ee0c81e4586a8f30204970fc0894d209a6b08dab9a",
              "url": "https://files.pythonhosted.org/packages/a7/33/6f8feb17652548d68f0bab14c7f810419ffc43bd30792d54a89289ac2b6f/types-pytz-2023.3.1.1.tar.gz"
            }
          ],
          "project_name": "types-pytz",
          "requires_dists": [],
          "requires_python": null,
          "version": "2023.3.1.1"
        },
        {
          "artifacts": [
            {
              "algorithm": "sha256",
              "hash": "8f92fc8806f9a6b641eaa5318da32b44d401efaac0f6678c9bc448ba3605faa0",
              "url": "https://files.pythonhosted.org/packages/24/21/7d397a4b7934ff4028987914ac1044d3b7d52712f30e2ac7a2ae5bc86dd0/typing_extensions-4.8.0-py3-none-any.whl"
            },
            {
              "algorithm": "sha256",
              "hash": "df8e4339e9cb77357558cbdbceca33c303714cf861d1eef15e1070055ae8b7ef",
              "url": "https://files.pythonhosted.org/packages/1f/7a/8b94bb016069caa12fc9f587b28080ac33b4fbb8ca369b98bc0a4828543e/typing_extensions-4.8.0.tar.gz"
            }
          ],
          "project_name": "typing-extensions",
          "requires_dists": [],
          "requires_python": ">=3.8",
          "version": "4.8.0"
        },
        {
          "artifacts": [
            {
              "algorithm": "sha256",
              "hash": "64b1df0f83706b4ef4cfb4fb0e4c2669100fd7ecacfb59e091fad300d4e04640",
              "url": "https://files.pythonhosted.org/packages/f8/f8/e068dafbb844c1447c55b23c921f3d338cddaba4ea53187a7dd0058452d9/wrapt-1.15.0-py3-none-any.whl"
            },
            {
              "algorithm": "sha256",
              "hash": "21f6d9a0d5b3a207cdf7acf8e58d7d13d463e639f0c7e01d82cdb671e6cb7923",
              "url": "https://files.pythonhosted.org/packages/0c/6e/f80c23efc625c10460240e31dcb18dd2b34b8df417bc98521fbfd5bc2e9a/wrapt-1.15.0-cp310-cp310-macosx_10_9_x86_64.whl"
            },
            {
              "algorithm": "sha256",
              "hash": "76407ab327158c510f44ded207e2f76b657303e17cb7a572ffe2f5a8a48aa04d",
              "url": "https://files.pythonhosted.org/packages/0f/9a/179018bb3f20071f39597cd38fc65d6285d7b89d57f6c51f502048ed28d9/wrapt-1.15.0-cp39-cp39-manylinux_2_17_aarch64.manylinux2014_aarch64.whl"
            },
            {
              "algorithm": "sha256",
              "hash": "0970ddb69bba00670e58955f8019bec4a42d1785db3faa043c33d81de2bf843c",
              "url": "https://files.pythonhosted.org/packages/1e/3c/cb96dbcafbf3a27413fb15e0a1997c4610283f895dc01aca955cd2fda8b9/wrapt-1.15.0-cp39-cp39-macosx_11_0_arm64.whl"
            },
            {
              "algorithm": "sha256",
              "hash": "b67b819628e3b748fd3c2192c15fb951f549d0f47c0449af0764d7647302fda3",
              "url": "https://files.pythonhosted.org/packages/23/0a/9964d7141b8c5e31c32425d3412662a7873aaf0c0964166f4b37b7db51b6/wrapt-1.15.0-cp311-cp311-musllinux_1_1_aarch64.whl"
            },
            {
              "algorithm": "sha256",
              "hash": "a74d56552ddbde46c246b5b89199cb3fd182f9c346c784e1a93e4dc3f5ec9975",
              "url": "https://files.pythonhosted.org/packages/2b/fb/c31489631bb94ac225677c1090f787a4ae367614b5277f13dbfde24b2b69/wrapt-1.15.0-cp310-cp310-musllinux_1_1_x86_64.whl"
            },
            {
              "algorithm": "sha256",
              "hash": "76e9c727a874b4856d11a32fb0b389afc61ce8aaf281ada613713ddeadd1cfec",
              "url": "https://files.pythonhosted.org/packages/48/65/0061e7432ca4b635e96e60e27e03a60ddaca3aeccc30e7415fed0325c3c2/wrapt-1.15.0-cp310-cp310-musllinux_1_1_aarch64.whl"
            },
            {
              "algorithm": "sha256",
              "hash": "74934ebd71950e3db69960a7da29204f89624dde411afbfb3b4858c1409b1e98",
              "url": "https://files.pythonhosted.org/packages/5d/c4/3cc25541ec0404dd1d178e7697a34814d77be1e489cd6f8cb055ac688314/wrapt-1.15.0-cp311-cp311-musllinux_1_1_x86_64.whl"
            },
            {
              "algorithm": "sha256",
              "hash": "56374914b132c702aa9aa9959c550004b8847148f95e1b824772d453ac204a72",
              "url": "https://files.pythonhosted.org/packages/6b/b0/bde5400fdf6d18cb7ef527831de0f86ac206c4da1670b67633e5a547b05f/wrapt-1.15.0-cp311-cp311-macosx_11_0_arm64.whl"
            },
            {
              "algorithm": "sha256",
              "hash": "078e2a1a86544e644a68422f881c48b84fef6d18f8c7a957ffd3f2e0a74a0d4a",
              "url": "https://files.pythonhosted.org/packages/78/f2/106d90140a93690eab240fae76759d62dae639fcec1bd098eccdb83aa38f/wrapt-1.15.0-cp39-cp39-musllinux_1_1_aarch64.whl"
            },
            {
              "algorithm": "sha256",
              "hash": "2fbfbca668dd15b744418265a9607baa970c347eefd0db6a518aaf0cfbd153c0",
              "url": "https://files.pythonhosted.org/packages/7f/b6/6dc0ddacd20337b4ce6ab0d6b0edc7da3898f85c4f97df7f30267e57509e/wrapt-1.15.0-cp310-cp310-manylinux_2_5_x86_64.manylinux1_x86_64.manylinux_2_17_x86_64.manylinux2014_x86_64.whl"
            },
            {
              "algorithm": "sha256",
              "hash": "e20076a211cd6f9b44a6be58f7eeafa7ab5720eb796975d0c03f05b47d89eb90",
              "url": "https://files.pythonhosted.org/packages/88/f1/4dfaa1ad111d2a48429dca133e46249922ee2f279e9fdd4ab5b149cd6c71/wrapt-1.15.0-cp310-cp310-musllinux_1_1_i686.whl"
            },
            {
              "algorithm": "sha256",
              "hash": "7dc0713bf81287a00516ef43137273b23ee414fe41a3c14be10dd95ed98a2df9",
              "url": "https://files.pythonhosted.org/packages/8a/1c/740c3ad1b7754dd7213f4df09ccdaf6b19e36da5ff3a269444ba9e103f1b/wrapt-1.15.0-cp39-cp39-musllinux_1_1_x86_64.whl"
            },
            {
              "algorithm": "sha256",
              "hash": "3bbe623731d03b186b3d6b0d6f51865bf598587c38d6f7b0be2e27414f7f214e",
              "url": "https://files.pythonhosted.org/packages/8f/87/ba6dc86e8edb28fd1e314446301802751bd3157e9780385c9eef633994b9/wrapt-1.15.0-cp311-cp311-manylinux_2_5_i686.manylinux1_i686.manylinux_2_17_i686.manylinux2014_i686.whl"
            },
            {
              "algorithm": "sha256",
              "hash": "54accd4b8bc202966bafafd16e69da9d5640ff92389d33d28555c5fd4f25ccb7",
              "url": "https://files.pythonhosted.org/packages/94/55/91dd3a7efbc1db2b07bbfc490d48e8484852c355d55e61e8b1565d7725f6/wrapt-1.15.0-cp310-cp310-manylinux_2_5_i686.manylinux1_i686.manylinux_2_17_i686.manylinux2014_i686.whl"
            },
            {
              "algorithm": "sha256",
              "hash": "ce42618f67741d4697684e501ef02f29e758a123aa2d669e2d964ff734ee00ee",
              "url": "https://files.pythonhosted.org/packages/96/37/a33c1220e8a298ab18eb070b6a59e4ccc3f7344b434a7ac4bd5d4bdccc97/wrapt-1.15.0-cp310-cp310-macosx_11_0_arm64.whl"
            },
            {
              "algorithm": "sha256",
              "hash": "2e51de54d4fb8fb50d6ee8327f9828306a959ae394d3e01a1ba8b2f937747d86",
              "url": "https://files.pythonhosted.org/packages/b7/3d/9d3cd75f7fc283b6e627c9b0e904189c41ca144185fd8113a1a094dec8ca/wrapt-1.15.0-cp39-cp39-macosx_10_9_x86_64.whl"
            },
            {
              "algorithm": "sha256",
              "hash": "3abbe948c3cbde2689370a262a8d04e32ec2dd4f27103669a45c6929bcdbfe7c",
              "url": "https://files.pythonhosted.org/packages/b9/40/975fbb1ab03fa987900bacc365645c4cbead22baddd273b4f5db7f9843d2/wrapt-1.15.0-cp311-cp311-manylinux_2_5_x86_64.manylinux1_x86_64.manylinux_2_17_x86_64.manylinux2014_x86_64.whl"
            },
            {
              "algorithm": "sha256",
              "hash": "cd525e0e52a5ff16653a3fc9e3dd827981917d34996600bbc34c05d048ca35cc",
              "url": "https://files.pythonhosted.org/packages/c3/12/5fabf0014a0f30eb3975b7199ac2731215a40bc8273083f6a89bd6cadec6/wrapt-1.15.0-cp39-cp39-manylinux_2_5_i686.manylinux1_i686.manylinux_2_17_i686.manylinux2014_i686.whl"
            },
            {
              "algorithm": "sha256",
              "hash": "a89ce3fd220ff144bd9d54da333ec0de0399b52c9ac3d2ce34b569cf1a5748fb",
              "url": "https://files.pythonhosted.org/packages/ca/1c/5caf61431705b3076ca1152abfd6da6304697d7d4fe48bb3448a6decab40/wrapt-1.15.0-cp311-cp311-manylinux_2_17_aarch64.manylinux2014_aarch64.whl"
            },
            {
              "algorithm": "sha256",
              "hash": "9d37ac69edc5614b90516807de32d08cb8e7b12260a285ee330955604ed9dd29",
              "url": "https://files.pythonhosted.org/packages/dd/eb/389f9975a6be31ddd19d29128a11f1288d07b624e464598a4b450f8d007e/wrapt-1.15.0-cp39-cp39-manylinux_2_5_x86_64.manylinux1_x86_64.manylinux_2_17_x86_64.manylinux2014_x86_64.whl"
            },
            {
              "algorithm": "sha256",
              "hash": "ba1711cda2d30634a7e452fc79eabcadaffedf241ff206db2ee93dd2c89a60e7",
              "url": "https://files.pythonhosted.org/packages/e8/86/fc38e58843159bdda745258d872b1187ad916087369ec57ef93f5e832fa8/wrapt-1.15.0-cp311-cp311-macosx_10_9_x86_64.whl"
            },
            {
              "algorithm": "sha256",
              "hash": "7eebcdbe3677e58dd4c0e03b4f2cfa346ed4049687d839adad68cc38bb559c92",
              "url": "https://files.pythonhosted.org/packages/ee/25/83f5dcd9f96606521da2d0e7a03a18800264eafb59b569ff109c4d2fea67/wrapt-1.15.0-cp311-cp311-musllinux_1_1_i686.whl"
            },
            {
              "algorithm": "sha256",
              "hash": "2cf56d0e237280baed46f0b5316661da892565ff58309d4d2ed7dba763d984b8",
              "url": "https://files.pythonhosted.org/packages/f6/89/bf77b063c594795aaa056cac7b467463702f346d124d46d7f06e76e8cd97/wrapt-1.15.0-cp39-cp39-musllinux_1_1_i686.whl"
            },
            {
              "algorithm": "sha256",
              "hash": "d06730c6aed78cee4126234cf2d071e01b44b915e725a6cb439a879ec9754a3a",
              "url": "https://files.pythonhosted.org/packages/f8/7d/73e4e3cdb2c780e13f9d87dc10488d7566d8fd77f8d68f0e416bfbd144c7/wrapt-1.15.0.tar.gz"
            },
            {
              "algorithm": "sha256",
              "hash": "41d07d029dd4157ae27beab04d22b8e261eddfc6ecd64ff7000b10dc8b3a5727",
              "url": "https://files.pythonhosted.org/packages/fb/bd/ca7fd05a45e7022f3b780a709bbdb081a6138d828ecdb5b7df113a3ad3be/wrapt-1.15.0-cp310-cp310-manylinux_2_17_aarch64.manylinux2014_aarch64.whl"
            }
          ],
          "project_name": "wrapt",
          "requires_dists": [],
          "requires_python": "!=3.0.*,!=3.1.*,!=3.2.*,!=3.3.*,!=3.4.*,>=2.7",
          "version": "1.15.0"
        }
      ],
      "platform_tag": null
    }
  ],
  "path_mappings": {},
  "pex_version": "2.1.134",
  "pip_version": "20.3.4-patched",
  "prefer_older_binary": false,
  "requirements": [
    "black==22.3.0",
    "mypy",
    "pandas-stubs",
    "pylint[pytest]"
  ],
  "requires_python": [
    ">=3.9.*"
  ],
  "resolver_version": "pip-2020-resolver",
  "style": "universal",
  "target_systems": [
    "linux",
    "mac"
  ],
  "transitive": true,
  "use_pep517": null
}
