// This lockfile was autogenerated by Pants. To regenerate, run:
//
//    ./pants generate-lockfiles --resolve=pylint
//
// --- BEGIN PANTS LOCKFILE METADATA: DO NOT EDIT OR REMOVE ---
// {
//   "version": 2,
//   "valid_for_interpreter_constraints": [
//     "CPython>=3.8.*"
//   ],
//   "generated_with_requirements": [
//     "pylint<2.12,>=2.11.0",
//     "pytest"
//   ]
// }
// --- END PANTS LOCKFILE METADATA ---

{
  "allow_builds": true,
  "allow_prereleases": false,
  "allow_wheels": true,
  "build_isolation": true,
  "constraints": [],
  "locked_resolves": [
    {
      "locked_requirements": [
        {
          "artifacts": [
            {
              "algorithm": "sha256",
              "hash": "cd8326b424c971e7d87678609cf6275d22028afd37d6ac59c16d47f1245882f6",
              "url": "https://files.pythonhosted.org/packages/45/45/365653e2d7cb89856ca3fc70b9e6ec1a4ab7296a1d1f06293f647a508f26/astroid-2.8.6-py3-none-any.whl"
            },
            {
              "algorithm": "sha256",
              "hash": "5f6f75e45f15290e73b56f9dfde95b4bf96382284cde406ef4203e928335a495",
              "url": "https://files.pythonhosted.org/packages/c6/fb/6cbda9ecf67d29753e5caeb83ca2ea29aa1519d66ed48b66ab56e920d5c8/astroid-2.8.6.tar.gz"
            }
          ],
          "project_name": "astroid",
          "requires_dists": [
            "lazy-object-proxy>=1.4.0",
            "setuptools>=20.0",
            "typed-ast<2.0,>=1.4.0; implementation_name == \"cpython\" and python_version < \"3.8\"",
            "typing-extensions>=3.10; python_version < \"3.10\"",
            "wrapt<1.14,>=1.11"
          ],
          "requires_python": "~=3.6",
          "version": "2.8.6"
        },
        {
          "artifacts": [
            {
              "algorithm": "sha256",
              "hash": "86efa402f67bf2df34f51a335487cf46b1ec130d02b8d39fd248abfd30da551c",
              "url": "https://files.pythonhosted.org/packages/f2/bc/d817287d1aa01878af07c19505fafd1165cd6a119e9d0821ca1d1c20312d/attrs-22.1.0-py2.py3-none-any.whl"
            },
            {
              "algorithm": "sha256",
              "hash": "29adc2665447e5191d0e7c568fde78b21f9672d344281d0c6e1ab085429b22b6",
              "url": "https://files.pythonhosted.org/packages/1a/cb/c4ffeb41e7137b23755a45e1bfec9cbb76ecf51874c6f1d113984ecaa32c/attrs-22.1.0.tar.gz"
            }
          ],
          "project_name": "attrs",
          "requires_dists": [
            "cloudpickle; platform_python_implementation == \"CPython\" and extra == \"dev\"",
            "cloudpickle; platform_python_implementation == \"CPython\" and extra == \"tests\"",
            "cloudpickle; platform_python_implementation == \"CPython\" and extra == \"tests_no_zope\"",
            "coverage[toml]>=5.0.2; extra == \"dev\"",
            "coverage[toml]>=5.0.2; extra == \"tests\"",
            "coverage[toml]>=5.0.2; extra == \"tests_no_zope\"",
            "furo; extra == \"dev\"",
            "furo; extra == \"docs\"",
            "hypothesis; extra == \"dev\"",
            "hypothesis; extra == \"tests\"",
            "hypothesis; extra == \"tests_no_zope\"",
            "mypy!=0.940,>=0.900; extra == \"dev\"",
            "mypy!=0.940,>=0.900; extra == \"tests\"",
            "mypy!=0.940,>=0.900; extra == \"tests_no_zope\"",
            "pre-commit; extra == \"dev\"",
            "pympler; extra == \"dev\"",
            "pympler; extra == \"tests\"",
            "pympler; extra == \"tests_no_zope\"",
            "pytest-mypy-plugins; extra == \"dev\"",
            "pytest-mypy-plugins; extra == \"tests\"",
            "pytest-mypy-plugins; extra == \"tests_no_zope\"",
            "pytest>=4.3.0; extra == \"dev\"",
            "pytest>=4.3.0; extra == \"tests\"",
            "pytest>=4.3.0; extra == \"tests_no_zope\"",
            "sphinx-notfound-page; extra == \"dev\"",
            "sphinx-notfound-page; extra == \"docs\"",
            "sphinx; extra == \"dev\"",
            "sphinx; extra == \"docs\"",
            "zope.interface; extra == \"dev\"",
            "zope.interface; extra == \"docs\"",
            "zope.interface; extra == \"tests\""
          ],
          "requires_python": ">=3.5",
          "version": "22.1"
        },
        {
          "artifacts": [
            {
              "algorithm": "sha256",
              "hash": "854bf444933e37f5824ae7bfc1e98d5bce2ebe4160d46b5edf346a89358e99da",
              "url": "https://files.pythonhosted.org/packages/77/8b/7550e87b2d308a1b711725dfaddc19c695f8c5fa413c640b2be01662f4e6/colorama-0.4.5-py2.py3-none-any.whl"
            },
            {
              "algorithm": "sha256",
              "hash": "e6c6b4334fc50988a639d9b98aa429a0b57da6e17b9a44f0451f930b6967b7a4",
              "url": "https://files.pythonhosted.org/packages/2b/65/24d033a9325ce42ccbfa3ca2d0866c7e89cc68e5b9d92ecaba9feef631df/colorama-0.4.5.tar.gz"
            }
          ],
          "project_name": "colorama",
          "requires_dists": [],
          "requires_python": "!=3.0.*,!=3.1.*,!=3.2.*,!=3.3.*,!=3.4.*,>=2.7",
          "version": "0.4.5"
        },
        {
          "artifacts": [
            {
              "algorithm": "sha256",
              "hash": "011e24c64b7f47f6ebd835bb12a743f2fbe9a26d4cecaa7f53bc4f35ee9da8b3",
              "url": "https://files.pythonhosted.org/packages/9b/dd/b3c12c6d707058fa947864b67f0c4e0c39ef8610988d7baea9578f3c48f3/iniconfig-1.1.1-py2.py3-none-any.whl"
            },
            {
              "algorithm": "sha256",
              "hash": "bc3af051d7d14b2ee5ef9969666def0cd1a000e121eaea580d4a313df4b37f32",
              "url": "https://files.pythonhosted.org/packages/23/a2/97899f6bd0e873fed3a7e67ae8d3a08b21799430fb4da15cfedf10d6e2c2/iniconfig-1.1.1.tar.gz"
            }
          ],
          "project_name": "iniconfig",
          "requires_dists": [],
          "requires_python": null,
          "version": "1.1.1"
        },
        {
          "artifacts": [
            {
              "algorithm": "sha256",
              "hash": "6f62d78e2f89b4500b080fe3a81690850cd254227f27f75c3a0c491a1f351ba7",
              "url": "https://files.pythonhosted.org/packages/b8/5b/f18e227df38b94b4ee30d2502fd531bebac23946a2497e5595067a561274/isort-5.10.1-py3-none-any.whl"
            },
            {
              "algorithm": "sha256",
              "hash": "e8443a5e7a020e9d7f97f1d7d9cd17c88bcb3bc7e218bf9cf5095fe550be2951",
              "url": "https://files.pythonhosted.org/packages/ab/e9/964cb0b2eedd80c92f5172f1f8ae0443781a9d461c1372a3ce5762489593/isort-5.10.1.tar.gz"
            }
          ],
          "project_name": "isort",
          "requires_dists": [
            "colorama<0.5.0,>=0.4.3; extra == \"colors\"",
            "pip-api; extra == \"requirements_deprecated_finder\"",
            "pipreqs; extra == \"pipfile_deprecated_finder\" or extra == \"requirements_deprecated_finder\"",
            "requirementslib; extra == \"pipfile_deprecated_finder\"",
            "setuptools; extra == \"plugins\""
          ],
          "requires_python": "<4.0,>=3.6.1",
          "version": "5.10.1"
        },
        {
          "artifacts": [
            {
              "algorithm": "sha256",
              "hash": "d66906d5785da8e0be7360912e99c9188b70f52c422f9fc18223347235691a84",
              "url": "https://files.pythonhosted.org/packages/41/8a/57d41c53cabc5e4aa8858514b8a8332f5512f7db5365acef6040114daa22/lazy_object_proxy-1.7.1-pp37.pp38-none-any.whl"
            },
            {
              "algorithm": "sha256",
              "hash": "fccdf7c2c5821a8cbd0a9440a456f5050492f2270bd54e94360cac663398739b",
              "url": "https://files.pythonhosted.org/packages/0d/0c/4a96799cec6daae24c991ee62b57ee7935273cfbdafb92cf68ba304be79a/lazy_object_proxy-1.7.1-cp310-cp310-musllinux_1_1_x86_64.whl"
            },
            {
              "algorithm": "sha256",
              "hash": "85b232e791f2229a4f55840ed54706110c80c0a210d076eee093f2b2e33e1bfd",
              "url": "https://files.pythonhosted.org/packages/12/c1/90d8fad7008684eb101788b85f86d46146500108bc34c1e9ff14c1265acb/lazy_object_proxy-1.7.1-cp310-cp310-win_amd64.whl"
            },
            {
              "algorithm": "sha256",
              "hash": "b9e89b87c707dd769c4ea91f7a31538888aad05c116a59820f28d59b3ebfe25a",
              "url": "https://files.pythonhosted.org/packages/1a/66/0a1ab970f0e925fbf56296e7464367c4650f3c1ec53fe85af489285c1325/lazy_object_proxy-1.7.1-cp38-cp38-musllinux_1_1_x86_64.whl"
            },
            {
              "algorithm": "sha256",
              "hash": "39b0e26725c5023757fc1ab2a89ef9d7ab23b84f9251e28f9cc114d5b59c1b09",
              "url": "https://files.pythonhosted.org/packages/28/25/a4c87ad33bf3fcc9f3b30a23ddd08fa31974c66509f2684e51e0af04c767/lazy_object_proxy-1.7.1-cp39-cp39-musllinux_1_1_x86_64.whl"
            },
            {
              "algorithm": "sha256",
              "hash": "a57d51ed2997e97f3b8e3500c984db50a554bb5db56c50b5dab1b41339b37e36",
              "url": "https://files.pythonhosted.org/packages/3c/bb/ecf283b044c6ac5d6a7182792861b2e12f1bc905b8ae2d1d52f403f3e1dc/lazy_object_proxy-1.7.1-cp310-cp310-manylinux_2_17_aarch64.manylinux2014_aarch64.whl"
            },
            {
              "algorithm": "sha256",
              "hash": "91ba172fc5b03978764d1df5144b4ba4ab13290d7bab7a50f12d8117f8630c38",
              "url": "https://files.pythonhosted.org/packages/45/9f/405023669e74d96d3c221832fdea58fdd4a6faaef569146c34bf4072813e/lazy_object_proxy-1.7.1-cp38-cp38-manylinux_2_5_x86_64.manylinux1_x86_64.manylinux_2_17_x86_64.manylinux2014_x86_64.whl"
            },
            {
              "algorithm": "sha256",
              "hash": "4dca6244e4121c74cc20542c2ca39e5c4a5027c81d112bfb893cf0790f96f57e",
              "url": "https://files.pythonhosted.org/packages/4c/b2/8e7fa4469a33daf487db8c718e1e13d99ad3c590da133abd5f835ebb8b9f/lazy_object_proxy-1.7.1-cp38-cp38-manylinux_2_17_aarch64.manylinux2014_aarch64.whl"
            },
            {
              "algorithm": "sha256",
              "hash": "8561da8b3dd22d696244d6d0d5330618c993a215070f473b699e00cf1f3f6443",
              "url": "https://files.pythonhosted.org/packages/54/da/022607b44f7476f0f387041b7c26329b5219b13d6c23e8d4405df217e18e/lazy_object_proxy-1.7.1-cp310-cp310-musllinux_1_1_aarch64.whl"
            },
            {
              "algorithm": "sha256",
              "hash": "07fa44286cda977bd4803b656ffc1c9b7e3bc7dff7d34263446aec8f8c96f88a",
              "url": "https://files.pythonhosted.org/packages/5c/96/2c984706be60a1671177f57ba9f6b17a11b4cbf1b6704f3839ad6addc284/lazy_object_proxy-1.7.1-cp38-cp38-macosx_10_9_x86_64.whl"
            },
            {
              "algorithm": "sha256",
              "hash": "dd7ed7429dbb6c494aa9bc4e09d94b778a3579be699f9d67da7e6804c422d3de",
              "url": "https://files.pythonhosted.org/packages/61/08/2b64bc9c9807e9f996f9562f43d6737cf5a5ecc5be2081a13fe50b9479c0/lazy_object_proxy-1.7.1-cp39-cp39-macosx_10_9_x86_64.whl"
            },
            {
              "algorithm": "sha256",
              "hash": "7096a5e0c1115ec82641afbdd70451a144558ea5cf564a896294e346eb611be1",
              "url": "https://files.pythonhosted.org/packages/69/b8/b97b53de2c3f62cecf8f79ae64f209714034cb888a3b76a0c8fc10728161/lazy_object_proxy-1.7.1-cp39-cp39-manylinux_2_5_x86_64.manylinux1_x86_64.manylinux_2_17_x86_64.manylinux2014_x86_64.whl"
            },
            {
              "algorithm": "sha256",
              "hash": "d609c75b986def706743cdebe5e47553f4a5a1da9c5ff66d76013ef396b5a8a4",
              "url": "https://files.pythonhosted.org/packages/75/93/3fc1cc28f71dd10b87a53b9d809602d7730e84cc4705a062def286232a9c/lazy-object-proxy-1.7.1.tar.gz"
            },
            {
              "algorithm": "sha256",
              "hash": "8f3953eb575b45480db6568306893f0bd9d8dfeeebd46812aa09ca9579595148",
              "url": "https://files.pythonhosted.org/packages/77/b9/52df1b86b4b06730792fdd225fca5253d206112e1c8188abc6d9387fe2db/lazy_object_proxy-1.7.1-cp38-cp38-win_amd64.whl"
            },
            {
              "algorithm": "sha256",
              "hash": "70ed0c2b380eb6248abdef3cd425fc52f0abd92d2b07ce26359fcbc399f636ad",
              "url": "https://files.pythonhosted.org/packages/79/18/c13e90a35cc6bba07ff53ae9c6f7da739a2e143eddc487ff1c92686bf595/lazy_object_proxy-1.7.1-cp39-cp39-manylinux_2_17_aarch64.manylinux2014_aarch64.whl"
            },
            {
              "algorithm": "sha256",
              "hash": "898322f8d078f2654d275124a8dd19b079080ae977033b713f677afcfc88e2b9",
              "url": "https://files.pythonhosted.org/packages/92/b9/c6cf39ca616369cc1e83a93411f035cfa305651118e0e41bbeebd8d275a5/lazy_object_proxy-1.7.1-cp310-cp310-win32.whl"
            },
            {
              "algorithm": "sha256",
              "hash": "bb8c5fd1684d60a9902c60ebe276da1f2281a318ca16c1d0a96db28f62e9166b",
              "url": "https://files.pythonhosted.org/packages/97/0d/c722b060a46b9b87701896759fa0ccc4a8c19f13b4a6ed4df7f4b2fdfbec/lazy_object_proxy-1.7.1-cp310-cp310-macosx_10_9_x86_64.whl"
            },
            {
              "algorithm": "sha256",
              "hash": "f769457a639403073968d118bc70110e7dce294688009f5c24ab78800ae56dc8",
              "url": "https://files.pythonhosted.org/packages/be/0d/b34afd15214c7a70b246d9de36cf912dab5bac0c34d84ab1e8ab21d49239/lazy_object_proxy-1.7.1-cp39-cp39-musllinux_1_1_aarch64.whl"
            },
            {
              "algorithm": "sha256",
              "hash": "2130db8ed69a48a3440103d4a520b89d8a9405f1b06e2cc81640509e8bf6548f",
              "url": "https://files.pythonhosted.org/packages/c1/fd/b7730af0d22619261baa11207706fb867e413a2a039ee9545950330098f7/lazy_object_proxy-1.7.1-cp39-cp39-win32.whl"
            },
            {
              "algorithm": "sha256",
              "hash": "9d166602b525bf54ac994cf833c385bfcc341b364e3ee71e3bf5a1336e677b55",
              "url": "https://files.pythonhosted.org/packages/d0/f8/4971325a4151f7e9223f61022bd09f2dd44e9dfaa3e41ae37951ddaedab8/lazy_object_proxy-1.7.1-cp38-cp38-win32.whl"
            },
            {
              "algorithm": "sha256",
              "hash": "677ea950bef409b47e51e733283544ac3d660b709cfce7b187f5ace137960d61",
              "url": "https://files.pythonhosted.org/packages/d4/50/cc69601ef79427b4643fe38c04c1782caa1cc41769ca1a687b87712d3367/lazy_object_proxy-1.7.1-cp39-cp39-win_amd64.whl"
            },
            {
              "algorithm": "sha256",
              "hash": "043651b6cb706eee4f91854da4a089816a6606c1428fd391573ef8cb642ae4f7",
              "url": "https://files.pythonhosted.org/packages/f9/65/3682bca4b766f5b96f1cf86a35f593b738d78a98bc2c44efb9abf6b0cf16/lazy_object_proxy-1.7.1-cp38-cp38-musllinux_1_1_aarch64.whl"
            },
            {
              "algorithm": "sha256",
              "hash": "fd45683c3caddf83abbb1249b653a266e7069a09f486daa8863fb0e7496a9fdb",
              "url": "https://files.pythonhosted.org/packages/fd/80/60d6ef4fd8736e743a2b91b84de0e16448dbc6ba08fa2ee071830bc36bb1/lazy_object_proxy-1.7.1-cp310-cp310-manylinux_2_5_x86_64.manylinux1_x86_64.manylinux_2_17_x86_64.manylinux2014_x86_64.whl"
            }
          ],
          "project_name": "lazy-object-proxy",
          "requires_dists": [],
          "requires_python": ">=3.6",
          "version": "1.7.1"
        },
        {
          "artifacts": [
            {
              "algorithm": "sha256",
              "hash": "ab8a6258860da4b6677da4bd2fe5dc2c659cff31b3ee4f7f5d64e79735b80d42",
              "url": "https://files.pythonhosted.org/packages/87/89/479dc97e18549e21354893e4ee4ef36db1d237534982482c3681ee6e7b57/mccabe-0.6.1-py2.py3-none-any.whl"
            },
            {
              "algorithm": "sha256",
              "hash": "dd8d182285a0fe56bace7f45b5e7d1a6ebcbf524e8f3bd87eb0f125271b8831f",
              "url": "https://files.pythonhosted.org/packages/06/18/fa675aa501e11d6d6ca0ae73a101b2f3571a565e0f7d38e062eec18a91ee/mccabe-0.6.1.tar.gz"
            }
          ],
          "project_name": "mccabe",
          "requires_dists": [],
          "requires_python": null,
          "version": "0.6.1"
        },
        {
          "artifacts": [
            {
              "algorithm": "sha256",
              "hash": "ef103e05f519cdc783ae24ea4e2e0f508a9c99b2d4969652eed6a2e1ea5bd522",
              "url": "https://files.pythonhosted.org/packages/05/8e/8de486cbd03baba4deef4142bd643a3e7bbe954a784dc1bb17142572d127/packaging-21.3-py3-none-any.whl"
            },
            {
              "algorithm": "sha256",
              "hash": "dd47c42927d89ab911e606518907cc2d3a1f38bbd026385970643f9c5b8ecfeb",
              "url": "https://files.pythonhosted.org/packages/df/9e/d1a7217f69310c1db8fdf8ab396229f55a699ce34a203691794c5d1cad0c/packaging-21.3.tar.gz"
            }
          ],
          "project_name": "packaging",
          "requires_dists": [
            "pyparsing!=3.0.5,>=2.0.2"
          ],
          "requires_python": ">=3.6",
          "version": "21.3"
        },
        {
          "artifacts": [
            {
              "algorithm": "sha256",
              "hash": "027d8e83a2d7de06bbac4e5ef7e023c02b863d7ea5d079477e722bb41ab25788",
              "url": "https://files.pythonhosted.org/packages/ed/22/967181c94c3a4063fe64e15331b4cb366bdd7dfbf46fcb8ad89650026fec/platformdirs-2.5.2-py3-none-any.whl"
            },
            {
              "algorithm": "sha256",
              "hash": "58c8abb07dcb441e6ee4b11d8df0ac856038f944ab98b7be6b27b2a3c7feef19",
              "url": "https://files.pythonhosted.org/packages/ff/7b/3613df51e6afbf2306fc2465671c03390229b55e3ef3ab9dd3f846a53be6/platformdirs-2.5.2.tar.gz"
            }
          ],
          "project_name": "platformdirs",
          "requires_dists": [
            "appdirs==1.4.4; extra == \"test\"",
            "furo>=2021.7.5b38; extra == \"docs\"",
            "proselint>=0.10.2; extra == \"docs\"",
            "pytest-cov>=2.7; extra == \"test\"",
            "pytest-mock>=3.6; extra == \"test\"",
            "pytest>=6; extra == \"test\"",
            "sphinx-autodoc-typehints>=1.12; extra == \"docs\"",
            "sphinx>=4; extra == \"docs\""
          ],
          "requires_python": ">=3.7",
          "version": "2.5.2"
        },
        {
          "artifacts": [
            {
              "algorithm": "sha256",
              "hash": "74134bbf457f031a36d68416e1509f34bd5ccc019f0bcc952c7b909d06b37bd3",
              "url": "https://files.pythonhosted.org/packages/9e/01/f38e2ff29715251cf25532b9082a1589ab7e4f571ced434f98d0139336dc/pluggy-1.0.0-py2.py3-none-any.whl"
            },
            {
              "algorithm": "sha256",
              "hash": "4224373bacce55f955a878bf9cfa763c1e360858e330072059e10bad68531159",
              "url": "https://files.pythonhosted.org/packages/a1/16/db2d7de3474b6e37cbb9c008965ee63835bba517e22cdb8c35b5116b5ce1/pluggy-1.0.0.tar.gz"
            }
          ],
          "project_name": "pluggy",
          "requires_dists": [
            "importlib-metadata>=0.12; python_version < \"3.8\"",
            "pre-commit; extra == \"dev\"",
            "pytest-benchmark; extra == \"testing\"",
            "pytest; extra == \"testing\"",
            "tox; extra == \"dev\""
          ],
          "requires_python": ">=3.6",
          "version": "1"
        },
        {
          "artifacts": [
            {
              "algorithm": "sha256",
              "hash": "607c53218732647dff4acdfcd50cb62615cedf612e72d1724fb1a0cc6405b378",
              "url": "https://files.pythonhosted.org/packages/f6/f0/10642828a8dfb741e5f3fbaac830550a518a775c7fff6f04a007259b0548/py-1.11.0-py2.py3-none-any.whl"
            },
            {
              "algorithm": "sha256",
              "hash": "51c75c4126074b472f746a24399ad32f6053d1b34b68d2fa41e558e6f4a98719",
              "url": "https://files.pythonhosted.org/packages/98/ff/fec109ceb715d2a6b4c4a85a61af3b40c723a961e8828319fbcb15b868dc/py-1.11.0.tar.gz"
            }
          ],
          "project_name": "py",
          "requires_dists": [],
          "requires_python": "!=3.0.*,!=3.1.*,!=3.2.*,!=3.3.*,!=3.4.*,>=2.7",
          "version": "1.11"
        },
        {
          "artifacts": [
            {
              "algorithm": "sha256",
              "hash": "0f358e221c45cbd4dad2a1e4b883e75d28acdcccd29d40c76eb72b307269b126",
              "url": "https://files.pythonhosted.org/packages/37/42/948d1486727806df2e0016f1cfc2d3beafe289f96d53dfc85d967f79afc5/pylint-2.11.1-py3-none-any.whl"
            },
            {
              "algorithm": "sha256",
              "hash": "2c9843fff1a88ca0ad98a256806c82c5a8f86086e7ccbdb93297d86c3f90c436",
              "url": "https://files.pythonhosted.org/packages/61/c0/752d9f4c506457f2f6969c3ea0e2d62809ac34d16e8d00502894f164bded/pylint-2.11.1.tar.gz"
            }
          ],
          "project_name": "pylint",
          "requires_dists": [
            "astroid<2.9,>=2.8.0",
            "colorama; sys_platform == \"win32\"",
            "isort<6,>=4.2.5",
            "mccabe<0.7,>=0.6",
            "platformdirs>=2.2.0",
            "toml>=0.7.1",
            "typing-extensions>=3.10.0; python_version < \"3.10\""
          ],
          "requires_python": "~=3.6",
          "version": "2.11.1"
        },
        {
          "artifacts": [
            {
              "algorithm": "sha256",
              "hash": "5026bae9a10eeaefb61dab2f09052b9f4307d44aee4eda64b309723d8d206bbc",
              "url": "https://files.pythonhosted.org/packages/6c/10/a7d0fa5baea8fe7b50f448ab742f26f52b80bfca85ac2be9d35cdd9a3246/pyparsing-3.0.9-py3-none-any.whl"
            },
            {
              "algorithm": "sha256",
              "hash": "2b020ecf7d21b687f219b71ecad3631f644a47f01403fa1d1036b0c6416d70fb",
              "url": "https://files.pythonhosted.org/packages/71/22/207523d16464c40a0310d2d4d8926daffa00ac1f5b1576170a32db749636/pyparsing-3.0.9.tar.gz"
            }
          ],
          "project_name": "pyparsing",
          "requires_dists": [
            "jinja2; extra == \"diagrams\"",
            "railroad-diagrams; extra == \"diagrams\""
          ],
          "requires_python": ">=3.6.8",
          "version": "3.0.9"
        },
        {
          "artifacts": [
            {
              "algorithm": "sha256",
              "hash": "1377bda3466d70b55e3f5cecfa55bb7cfcf219c7964629b967c37cf0bda818b7",
              "url": "https://files.pythonhosted.org/packages/e3/b9/3541bbcb412a9fd56593005ff32183825634ef795a1c01ceb6dee86e7259/pytest-7.1.3-py3-none-any.whl"
            },
            {
              "algorithm": "sha256",
              "hash": "4f365fec2dff9c1162f834d9f18af1ba13062db0c708bf7b946f8a5c76180c39",
              "url": "https://files.pythonhosted.org/packages/a4/a7/8c63a4966935b0d0b039fd67ebf2e1ae00f1af02ceb912d838814d772a9a/pytest-7.1.3.tar.gz"
            }
          ],
          "project_name": "pytest",
          "requires_dists": [
            "argcomplete; extra == \"testing\"",
            "attrs>=19.2.0",
            "colorama; sys_platform == \"win32\"",
            "hypothesis>=3.56; extra == \"testing\"",
            "importlib-metadata>=0.12; python_version < \"3.8\"",
            "iniconfig",
            "mock; extra == \"testing\"",
            "nose; extra == \"testing\"",
            "packaging",
            "pluggy<2.0,>=0.12",
            "py>=1.8.2",
            "pygments>=2.7.2; extra == \"testing\"",
            "requests; extra == \"testing\"",
            "tomli>=1.0.0",
            "xmlschema; extra == \"testing\""
          ],
          "requires_python": ">=3.7",
          "version": "7.1.3"
        },
        {
          "artifacts": [
            {
              "algorithm": "sha256",
              "hash": "2e24e0bec025f035a2e72cdd1961119f557d78ad331bb00ff82efb2ab8da8e82",
              "url": "https://files.pythonhosted.org/packages/d9/5f/2daccd14278b6b780ae6799f85998377c06019354982391245f4b58a927d/setuptools-65.3.0-py3-none-any.whl"
            },
            {
              "algorithm": "sha256",
              "hash": "7732871f4f7fa58fb6bdcaeadb0161b2bd046c85905dbaa066bdcbcc81953b57",
              "url": "https://files.pythonhosted.org/packages/cc/83/7ea9d9b3a6ff3225aca2fce5e4df373bee7e0a74c539711a4fbfda53374f/setuptools-65.3.0.tar.gz"
            }
          ],
          "project_name": "setuptools",
          "requires_dists": [
            "build[virtualenv]; extra == \"testing\"",
            "build[virtualenv]; extra == \"testing-integration\"",
            "filelock>=3.4.0; extra == \"testing\"",
            "filelock>=3.4.0; extra == \"testing-integration\"",
            "flake8-2020; extra == \"testing\"",
            "flake8<5; extra == \"testing\"",
            "furo; extra == \"docs\"",
            "ini2toml[lite]>=0.9; extra == \"testing\"",
            "jaraco.envs>=2.2; extra == \"testing\"",
            "jaraco.envs>=2.2; extra == \"testing-integration\"",
            "jaraco.packaging>=9; extra == \"docs\"",
            "jaraco.path>=3.2.0; extra == \"testing\"",
            "jaraco.path>=3.2.0; extra == \"testing-integration\"",
            "jaraco.tidelift>=1.4; extra == \"docs\"",
            "mock; extra == \"testing\"",
            "pip-run>=8.8; extra == \"testing\"",
            "pip>=19.1; extra == \"testing\"",
            "pygments-github-lexers==0.0.5; extra == \"docs\"",
            "pytest-black>=0.3.7; platform_python_implementation != \"PyPy\" and extra == \"testing\"",
            "pytest-checkdocs>=2.4; extra == \"testing\"",
            "pytest-cov; platform_python_implementation != \"PyPy\" and extra == \"testing\"",
            "pytest-enabler; extra == \"testing-integration\"",
            "pytest-enabler>=1.3; extra == \"testing\"",
            "pytest-flake8; extra == \"testing\"",
            "pytest-mypy>=0.9.1; platform_python_implementation != \"PyPy\" and extra == \"testing\"",
            "pytest-perf; extra == \"testing\"",
            "pytest-xdist; extra == \"testing\"",
            "pytest-xdist; extra == \"testing-integration\"",
            "pytest; extra == \"testing-integration\"",
            "pytest>=6; extra == \"testing\"",
            "rst.linker>=1.9; extra == \"docs\"",
            "sphinx-favicon; extra == \"docs\"",
            "sphinx-hoverxref<2; extra == \"docs\"",
            "sphinx-inline-tabs; extra == \"docs\"",
            "sphinx-notfound-page==0.8.3; extra == \"docs\"",
            "sphinx-reredirects; extra == \"docs\"",
            "sphinx; extra == \"docs\"",
            "sphinxcontrib-towncrier; extra == \"docs\"",
            "tomli-w>=1.0.0; extra == \"testing\"",
            "tomli; extra == \"testing-integration\"",
            "virtualenv>=13.0.0; extra == \"testing\"",
            "virtualenv>=13.0.0; extra == \"testing-integration\"",
            "wheel; extra == \"testing\"",
            "wheel; extra == \"testing-integration\""
          ],
          "requires_python": ">=3.7",
          "version": "65.3"
        },
        {
          "artifacts": [
            {
              "algorithm": "sha256",
              "hash": "806143ae5bfb6a3c6e736a764057db0e6a0e05e338b5630894a5f779cabb4f9b",
              "url": "https://files.pythonhosted.org/packages/44/6f/7120676b6d73228c96e17f1f794d8ab046fc910d781c8d151120c3f1569e/toml-0.10.2-py2.py3-none-any.whl"
            },
            {
              "algorithm": "sha256",
              "hash": "b3bda1d108d5dd99f4a20d24d9c348e91c4db7ab1b749200bded2f839ccbe68f",
              "url": "https://files.pythonhosted.org/packages/be/ba/1f744cdc819428fc6b5084ec34d9b30660f6f9daaf70eead706e3203ec3c/toml-0.10.2.tar.gz"
            }
          ],
          "project_name": "toml",
          "requires_dists": [],
          "requires_python": "!=3.0.*,!=3.1.*,!=3.2.*,>=2.6",
          "version": "0.10.2"
        },
        {
          "artifacts": [
            {
              "algorithm": "sha256",
              "hash": "939de3e7a6161af0c887ef91b7d41a53e7c5a1ca976325f429cb46ea9bc30ecc",
              "url": "https://files.pythonhosted.org/packages/97/75/10a9ebee3fd790d20926a90a2547f0bf78f371b2f13aa822c759680ca7b9/tomli-2.0.1-py3-none-any.whl"
            },
            {
              "algorithm": "sha256",
              "hash": "de526c12914f0c550d15924c62d72abc48d6fe7364aa87328337a31007fe8a4f",
              "url": "https://files.pythonhosted.org/packages/c0/3f/d7af728f075fb08564c5949a9c95e44352e23dee646869fa104a3b2060a3/tomli-2.0.1.tar.gz"
            }
          ],
          "project_name": "tomli",
          "requires_dists": [],
          "requires_python": ">=3.7",
          "version": "2.0.1"
        },
        {
          "artifacts": [
            {
              "algorithm": "sha256",
              "hash": "25642c956049920a5aa49edcdd6ab1e06d7e5d467fc00e0506c44ac86fbfca02",
              "url": "https://files.pythonhosted.org/packages/ed/d6/2afc375a8d55b8be879d6b4986d4f69f01115e795e36827fd3a40166028b/typing_extensions-4.3.0-py3-none-any.whl"
            },
            {
              "algorithm": "sha256",
              "hash": "e6d2677a32f47fc7eb2795db1dd15c1f34eff616bcaf2cfb5e997f854fa1c4a6",
              "url": "https://files.pythonhosted.org/packages/9e/1d/d128169ff58c501059330f1ad96ed62b79114a2eb30b8238af63a2e27f70/typing_extensions-4.3.0.tar.gz"
            }
          ],
          "project_name": "typing-extensions",
          "requires_dists": [],
          "requires_python": ">=3.7",
          "version": "4.3"
        },
        {
          "artifacts": [
            {
              "algorithm": "sha256",
              "hash": "81bd7c90d28a4b2e1df135bfbd7c23aee3050078ca6441bead44c42483f9ebfb",
              "url": "https://files.pythonhosted.org/packages/00/ae/e8e88651721412ce1e981300a70aaaf88197149682ddd6a890e03ab49b25/wrapt-1.13.3-cp39-cp39-win_amd64.whl"
            },
            {
              "algorithm": "sha256",
              "hash": "77416e6b17926d953b5c666a3cb718d5945df63ecf922af0ee576206d7033b5e",
              "url": "https://files.pythonhosted.org/packages/04/8d/23decce7494645e6326c5f5314dda45fc9682cf4b0e6c3a7df36215fccf4/wrapt-1.13.3-cp39-cp39-musllinux_1_1_i686.whl"
            },
            {
              "algorithm": "sha256",
              "hash": "f9c51d9af9abb899bd34ace878fbec8bf357b3194a10c4e8e0a25512826ef056",
              "url": "https://files.pythonhosted.org/packages/13/b3/70ff4fd51966c1c7236ba5effe559aa8b08562854d476a79dfd308093cd3/wrapt-1.13.3-cp310-cp310-manylinux_2_5_i686.manylinux1_i686.manylinux_2_12_i686.manylinux2010_i686.whl"
            },
            {
              "algorithm": "sha256",
              "hash": "43e69ffe47e3609a6aec0fe723001c60c65305784d964f5007d5b4fb1bc6bf33",
              "url": "https://files.pythonhosted.org/packages/15/7a/9461c8dd4ebf618fb068a31968c4f106ac2e368bf285ff8ea1e08cf9ca46/wrapt-1.13.3-cp310-cp310-musllinux_1_1_x86_64.whl"
            },
            {
              "algorithm": "sha256",
              "hash": "0a017a667d1f7411816e4bf214646d0ad5b1da2c1ea13dec6c162736ff25a374",
              "url": "https://files.pythonhosted.org/packages/22/5d/de56f00604695d435ae68b297443b94ac38d37cf5b92ea1f4ddca1d65dd4/wrapt-1.13.3-cp39-cp39-win32.whl"
            },
            {
              "algorithm": "sha256",
              "hash": "51799ca950cfee9396a87f4a1240622ac38973b6df5ef7a41e7f0b98797099ce",
              "url": "https://files.pythonhosted.org/packages/32/8e/f48d07363c4fc9e42180e72fbe985a8ce482484d1ab1b0097812be81f452/wrapt-1.13.3-cp38-cp38-musllinux_1_1_x86_64.whl"
            },
            {
              "algorithm": "sha256",
              "hash": "ec9465dd69d5657b5d2fa6133b3e1e989ae27d29471a672416fd729b429eb554",
              "url": "https://files.pythonhosted.org/packages/41/06/096b1d91f2333d5a7c8bfec8cfec9d64adbcab28c12f0806751175b83e49/wrapt-1.13.3-cp38-cp38-manylinux_2_5_i686.manylinux1_i686.manylinux_2_12_i686.manylinux2010_i686.whl"
            },
            {
              "algorithm": "sha256",
              "hash": "865c0b50003616f05858b22174c40ffc27a38e67359fa1495605f96125f76640",
              "url": "https://files.pythonhosted.org/packages/64/77/fdc225faf6b6846b7d573113e9fd77df112ac7243bb789435c2ed4698fd6/wrapt-1.13.3-cp39-cp39-musllinux_1_1_x86_64.whl"
            },
            {
              "algorithm": "sha256",
              "hash": "7dde79d007cd6dfa65afe404766057c2409316135cb892be4b1c768e3f3a11cb",
              "url": "https://files.pythonhosted.org/packages/7a/c0/46c7a9e6ebe3af119982c9a69816c6233916825ec6445945e4d2284114da/wrapt-1.13.3-cp38-cp38-win_amd64.whl"
            },
            {
              "algorithm": "sha256",
              "hash": "b73d4b78807bd299b38e4598b8e7bd34ed55d480160d2e7fdaabd9931afa65f9",
              "url": "https://files.pythonhosted.org/packages/7b/47/b226e069cd97f93d89c87684631ab936c718c7316b8e5c0b312f3a33960f/wrapt-1.13.3-cp38-cp38-macosx_10_9_x86_64.whl"
            },
            {
              "algorithm": "sha256",
              "hash": "dd91006848eb55af2159375134d724032a2d1d13bcc6f81cd8d3ed9f2b8e846c",
              "url": "https://files.pythonhosted.org/packages/8a/fc/726a690e5b38f54e9a8c869da76f0a35713bbdac84661472517e8a6d2383/wrapt-1.13.3-cp38-cp38-manylinux_2_5_x86_64.manylinux1_x86_64.manylinux_2_12_x86_64.manylinux2010_x86_64.whl"
            },
            {
              "algorithm": "sha256",
              "hash": "25b1b1d5df495d82be1c9d2fad408f7ce5ca8a38085e2da41bb63c914baadff7",
              "url": "https://files.pythonhosted.org/packages/98/ce/79956b7bda2601e6258c4111710c0771a539901fee6e78980c18a7092be7/wrapt-1.13.3-cp39-cp39-manylinux_2_5_x86_64.manylinux1_x86_64.manylinux_2_12_x86_64.manylinux2010_x86_64.whl"
            },
            {
              "algorithm": "sha256",
              "hash": "0877fe981fd76b183711d767500e6b3111378ed2043c145e21816ee589d91096",
              "url": "https://files.pythonhosted.org/packages/9d/63/bfd75c5583f79bcaf2bd132d3e325625ddede6fcfba26bbf425a434bd4ab/wrapt-1.13.3-cp310-cp310-musllinux_1_1_i686.whl"
            },
            {
              "algorithm": "sha256",
              "hash": "705e2af1f7be4707e49ced9153f8d72131090e52be9278b5dbb1498c749a1e32",
              "url": "https://files.pythonhosted.org/packages/cb/cb/b7dcb5d338d4ce9e4111863baab0ab2b816d18de2f69dd92ce2b4257e9c3/wrapt-1.13.3-cp39-cp39-manylinux_2_5_i686.manylinux1_i686.manylinux_2_12_i686.manylinux2010_i686.whl"
            },
            {
              "algorithm": "sha256",
              "hash": "981da26722bebb9247a0601e2922cedf8bb7a600e89c852d063313102de6f2cb",
              "url": "https://files.pythonhosted.org/packages/d6/4a/0a9b71f13be3b5c7616365913a89e601f1d152c1b60b268358685ea94f09/wrapt-1.13.3-cp39-cp39-macosx_10_9_x86_64.whl"
            },
            {
              "algorithm": "sha256",
              "hash": "78dea98c81915bbf510eb6a3c9c24915e4660302937b9ae05a0947164248020f",
              "url": "https://files.pythonhosted.org/packages/d9/8c/121c9f68950ecb9ee9cf494d805cfdf635ffde86586d5e6aa2f574a16e22/wrapt-1.13.3-cp310-cp310-win32.whl"
            },
            {
              "algorithm": "sha256",
              "hash": "936503cb0a6ed28dbfa87e8fcd0a56458822144e9d11a49ccee6d9a8adb2ac44",
              "url": "https://files.pythonhosted.org/packages/e4/b3/dbb46afe4066b0edc623640d66298720492abc312e6e71092e4966adad73/wrapt-1.13.3-cp310-cp310-macosx_10_9_x86_64.whl"
            },
            {
              "algorithm": "sha256",
              "hash": "ea3e746e29d4000cd98d572f3ee2a6050a4f784bb536f4ac1f035987fc1ed83e",
              "url": "https://files.pythonhosted.org/packages/e7/10/ba63cd3d9182d44426c24f69b0a06ba405ff96ffb5a236a1bb14a0932f1c/wrapt-1.13.3-cp310-cp310-win_amd64.whl"
            },
            {
              "algorithm": "sha256",
              "hash": "4b9c458732450ec42578b5642ac53e312092acf8c0bfce140ada5ca1ac556f79",
              "url": "https://files.pythonhosted.org/packages/e8/2d/4f0177eb0167fea0699031fdea99c51ff4f4f2c13cfef9254b21751e2bdf/wrapt-1.13.3-cp38-cp38-win32.whl"
            },
            {
              "algorithm": "sha256",
              "hash": "1fea9cd438686e6682271d36f3481a9f3636195578bab9ca3382e2f5f01fc185",
              "url": "https://files.pythonhosted.org/packages/eb/f6/d81ccf43ac2a3c80ddb6647653ac8b53ce2d65796029369923be06b815b8/wrapt-1.13.3.tar.gz"
            },
            {
              "algorithm": "sha256",
              "hash": "220a869982ea9023e163ba915077816ca439489de6d2c09089b219f4e11b6785",
              "url": "https://files.pythonhosted.org/packages/f0/1a/4bd49c0fc7a7efb42bc814048cd46a947e4424dacb1474abb1c49c5e4542/wrapt-1.13.3-cp310-cp310-manylinux_2_5_x86_64.manylinux1_x86_64.manylinux_2_12_x86_64.manylinux2010_x86_64.whl"
            },
            {
              "algorithm": "sha256",
              "hash": "ae9de71eb60940e58207f8e71fe113c639da42adb02fb2bcbcaccc1ccecd092b",
              "url": "https://files.pythonhosted.org/packages/fd/cf/796ebc8e04a7ba68313487b6147aa90ca2ffef52ea55e01c3ad7e4194744/wrapt-1.13.3-cp38-cp38-musllinux_1_1_i686.whl"
            }
          ],
          "project_name": "wrapt",
          "requires_dists": [],
          "requires_python": "!=3.0.*,!=3.1.*,!=3.2.*,!=3.3.*,!=3.4.*,>=2.7",
          "version": "1.13.3"
        }
      ],
      "platform_tag": [
        "cp38",
        "cp38",
        "macosx_12_0_x86_64"
      ]
    }
  ],
  "path_mappings": {},
  "pex_version": "2.1.90",
  "prefer_older_binary": false,
  "requirements": [
    "pylint<2.12,>=2.11.0",
    "pytest"
  ],
  "requires_python": [
    ">=3.8.*"
  ],
  "resolver_version": "pip-2020-resolver",
  "style": "universal",
  "transitive": true,
  "use_pep517": null
}
